{
  "version": 4,
  "terraform_version": "1.3.6",
  "serial": 85,
  "lineage": "067a55d3-6a55-c959-85bf-09781b2b73b3",
  "outputs": {},
  "resources": [
    {
      "mode": "managed",
      "type": "random_uuid",
      "name": "appid",
      "provider": "provider[\"registry.terraform.io/hashicorp/random\"]",
      "instances": [
        {
          "schema_version": 0,
          "attributes": {
            "id": "9e7807d6-a35e-c7d4-b4f2-ff80fd2f0b6d",
            "keepers": null,
            "result": "9e7807d6-a35e-c7d4-b4f2-ff80fd2f0b6d"
          },
          "sensitive_attributes": []
        }
      ]
    },
    {
      "module": "module.aisa_cognitive_account",
      "mode": "managed",
      "type": "azurerm_cognitive_account",
      "name": "ca",
      "provider": "provider[\"registry.terraform.io/hashicorp/azurerm\"]",
      "instances": [
        {
          "schema_version": 0,
          "attributes": {
            "custom_question_answering_search_service_id": "",
            "custom_question_answering_search_service_key": null,
            "custom_subdomain_name": "qa-aisa-mari-000",
            "customer_managed_key": [],
            "dynamic_throttling_enabled": false,
            "endpoint": "https://qa-aisa-mari-000.cognitiveservices.azure.com/",
            "fqdns": [],
            "id": "/subscriptions/d92c9bc4-d242-48e1-a224-9b9c93d46134/resourceGroups/az-sc-qa-rg-mari-001/providers/Microsoft.CognitiveServices/accounts/az-sc-qa-aisa-mari-000",
            "identity": [],
            "kind": "CognitiveServices",
            "local_auth_enabled": true,
            "location": "eastus2",
            "metrics_advisor_aad_client_id": "",
            "metrics_advisor_aad_tenant_id": "",
            "metrics_advisor_super_user_name": "",
            "metrics_advisor_website_name": "",
            "name": "az-sc-qa-aisa-mari-000",
            "network_acls": [],
            "outbound_network_access_restricted": false,
            "primary_access_key": "f0fe90343a2e4d3db45c28d27a7062a6",
            "public_network_access_enabled": false,
            "qna_runtime_endpoint": "",
            "resource_group_name": "az-sc-qa-rg-mari-001",
            "secondary_access_key": "6b40b5e0cb0a495ab4e97d2146400ef8",
            "sku_name": "S0",
            "storage": [],
            "tags": {},
            "timeouts": null
          },
          "sensitive_attributes": [],
          "private": "eyJlMmJmYjczMC1lY2FhLTExZTYtOGY4OC0zNDM2M2JjN2M0YzAiOnsiY3JlYXRlIjoxODAwMDAwMDAwMDAwLCJkZWxldGUiOjE4MDAwMDAwMDAwMDAsInJlYWQiOjMwMDAwMDAwMDAwMCwidXBkYXRlIjoxODAwMDAwMDAwMDAwfX0=",
          "dependencies": [
            "module.resource_group.azurerm_resource_group.rg"
          ]
        }
      ]
    },
    {
      "module": "module.aisa_private_endpoint",
      "mode": "managed",
      "type": "azurerm_private_endpoint",
      "name": "pe",
      "provider": "provider[\"registry.terraform.io/hashicorp/azurerm\"]",
      "instances": [
        {
          "schema_version": 0,
          "attributes": {
            "custom_dns_configs": [],
            "custom_network_interface_name": "",
            "id": "/subscriptions/d92c9bc4-d242-48e1-a224-9b9c93d46134/resourceGroups/az-sc-qa-rg-mari-001/providers/Microsoft.Network/privateEndpoints/az-sc-pep-qa-aisa-mari-000",
            "ip_configuration": [],
            "location": "eastus2",
            "name": "az-sc-pep-qa-aisa-mari-000",
            "network_interface": [
              {
                "id": "/subscriptions/d92c9bc4-d242-48e1-a224-9b9c93d46134/resourceGroups/az-sc-qa-rg-mari-001/providers/Microsoft.Network/networkInterfaces/az-sc-pep-qa-aisa-mari-000.nic.1a545014-a21e-4c60-be5f-e1f753ed7491",
                "name": "az-sc-pep-qa-aisa-mari-000.nic.1a545014-a21e-4c60-be5f-e1f753ed7491"
              }
            ],
            "private_dns_zone_configs": [
              {
                "id": "/subscriptions/d92c9bc4-d242-48e1-a224-9b9c93d46134/resourceGroups/az-sc-qa-rg-mari-001/providers/Microsoft.Network/privateEndpoints/az-sc-pep-qa-aisa-mari-000/privateDnsZoneGroups/az-trv-hubdev-rg-networking-001/privateDnsZoneConfigs/privatelink.cognitiveservices.azure.com",
                "name": "privatelink.cognitiveservices.azure.com",
                "private_dns_zone_id": "/subscriptions/182e84ac-5f70-47e9-a016-6b2b91ce994d/resourceGroups/az-trv-hubdev-rg-networking-001/providers/Microsoft.Network/privateDnsZones/privatelink.cognitiveservices.azure.com",
                "record_sets": [
                  {
                    "fqdn": "qa-aisa-mari-000.privatelink.cognitiveservices.azure.com",
                    "ip_addresses": [
                      "172.26.44.73"
                    ],
                    "name": "qa-aisa-mari-000",
                    "ttl": 10,
                    "type": "A"
                  }
                ]
              }
            ],
            "private_dns_zone_group": [
              {
                "id": "/subscriptions/d92c9bc4-d242-48e1-a224-9b9c93d46134/resourceGroups/az-sc-qa-rg-mari-001/providers/Microsoft.Network/privateEndpoints/az-sc-pep-qa-aisa-mari-000/privateDnsZoneGroups/az-trv-hubdev-rg-networking-001",
                "name": "az-trv-hubdev-rg-networking-001",
                "private_dns_zone_ids": [
                  "/subscriptions/182e84ac-5f70-47e9-a016-6b2b91ce994d/resourceGroups/az-trv-hubdev-rg-networking-001/providers/Microsoft.Network/privateDnsZones/privatelink.cognitiveservices.azure.com"
                ]
              }
            ],
            "private_service_connection": [
              {
                "is_manual_connection": false,
                "name": "az-sc-qa-psc-aisa-mari-000",
                "private_connection_resource_alias": "",
                "private_connection_resource_id": "/subscriptions/d92c9bc4-d242-48e1-a224-9b9c93d46134/resourceGroups/az-sc-qa-rg-mari-001/providers/Microsoft.CognitiveServices/accounts/az-sc-qa-aisa-mari-000",
                "private_ip_address": "172.26.44.73",
                "request_message": "",
                "subresource_names": [
                  "account"
                ]
              }
            ],
            "resource_group_name": "az-sc-qa-rg-mari-001",
            "subnet_id": "/subscriptions/d92c9bc4-d242-48e1-a224-9b9c93d46134/resourceGroups/az-sc-dev-rg-networking-000/providers/Microsoft.Network/virtualNetworks/az-sc-qa-vnet-000/subnets/az-sc-qa-snet-ai-000",
            "tags": {},
            "timeouts": null
          },
          "sensitive_attributes": [],
          "private": "eyJlMmJmYjczMC1lY2FhLTExZTYtOGY4OC0zNDM2M2JjN2M0YzAiOnsiY3JlYXRlIjozNjAwMDAwMDAwMDAwLCJkZWxldGUiOjM2MDAwMDAwMDAwMDAsInJlYWQiOjMwMDAwMDAwMDAwMCwidXBkYXRlIjozNjAwMDAwMDAwMDAwfX0=",
          "dependencies": [
            "module.aisa_cognitive_account.azurerm_cognitive_account.ca",
            "module.azure_networking.data.azurerm_private_dns_zone.dns_aisa",
            "module.azure_networking.data.azurerm_resource_group.rg_networking",
            "module.azure_networking.data.azurerm_subnet.sbnet_ai",
            "module.azure_networking.data.azurerm_virtual_network.vnet",
            "module.resource_group.azurerm_resource_group.rg"
          ]
        }
      ]
    },
    {
      "module": "module.azure_networking",
      "mode": "data",
      "type": "azurerm_private_dns_zone",
      "name": "dns_aisa",
      "provider": "module.azure_networking.provider[\"registry.terraform.io/hashicorp/azurerm\"].subscription-trv",
      "instances": [
        {
          "schema_version": 0,
          "attributes": {
            "id": "/subscriptions/182e84ac-5f70-47e9-a016-6b2b91ce994d/resourceGroups/az-trv-hubdev-rg-networking-001/providers/Microsoft.Network/privateDnsZones/privatelink.cognitiveservices.azure.com",
            "max_number_of_record_sets": 25000,
            "max_number_of_virtual_network_links": 1000,
            "max_number_of_virtual_network_links_with_registration": 100,
            "name": "privatelink.cognitiveservices.azure.com",
            "number_of_record_sets": 9,
            "resource_group_name": "az-trv-hubdev-rg-networking-001",
            "tags": {},
            "timeouts": null
          },
          "sensitive_attributes": []
        }
      ]
    },
    {
      "module": "module.azure_networking",
      "mode": "data",
      "type": "azurerm_private_dns_zone",
      "name": "dns_bot",
      "provider": "module.azure_networking.provider[\"registry.terraform.io/hashicorp/azurerm\"].subscription-trv",
      "instances": [
        {
          "schema_version": 0,
          "attributes": {
            "id": "/subscriptions/182e84ac-5f70-47e9-a016-6b2b91ce994d/resourceGroups/az-trv-hubdev-rg-networking-001/providers/Microsoft.Network/privateDnsZones/privatelink.directline.botframework.com",
            "max_number_of_record_sets": 25000,
            "max_number_of_virtual_network_links": 1000,
            "max_number_of_virtual_network_links_with_registration": 100,
            "name": "privatelink.directline.botframework.com",
            "number_of_record_sets": 3,
            "resource_group_name": "az-trv-hubdev-rg-networking-001",
            "tags": {},
            "timeouts": null
          },
          "sensitive_attributes": []
        }
      ]
    },
    {
      "module": "module.azure_networking",
      "mode": "data",
      "type": "azurerm_private_dns_zone",
      "name": "dns_bot_token",
      "provider": "module.azure_networking.provider[\"registry.terraform.io/hashicorp/azurerm\"].subscription-trv",
      "instances": [
        {
          "schema_version": 0,
          "attributes": {
            "id": "/subscriptions/182e84ac-5f70-47e9-a016-6b2b91ce994d/resourceGroups/az-trv-hubdev-rg-networking-001/providers/Microsoft.Network/privateDnsZones/privatelink.token.botframework.com",
            "max_number_of_record_sets": 25000,
            "max_number_of_virtual_network_links": 1000,
            "max_number_of_virtual_network_links_with_registration": 100,
            "name": "privatelink.token.botframework.com",
            "number_of_record_sets": 3,
            "resource_group_name": "az-trv-hubdev-rg-networking-001",
            "tags": {},
            "timeouts": null
          },
          "sensitive_attributes": []
        }
      ]
    },
    {
      "module": "module.azure_networking",
      "mode": "data",
      "type": "azurerm_private_dns_zone",
      "name": "dns_db",
      "provider": "module.azure_networking.provider[\"registry.terraform.io/hashicorp/azurerm\"].subscription-trv",
      "instances": [
        {
          "schema_version": 0,
          "attributes": {
            "id": "/subscriptions/182e84ac-5f70-47e9-a016-6b2b91ce994d/resourceGroups/az-trv-hubdev-rg-networking-001/providers/Microsoft.Network/privateDnsZones/privatelink.database.windows.net",
            "max_number_of_record_sets": 25000,
            "max_number_of_virtual_network_links": 1000,
            "max_number_of_virtual_network_links_with_registration": 100,
            "name": "privatelink.database.windows.net",
            "number_of_record_sets": 3,
            "resource_group_name": "az-trv-hubdev-rg-networking-001",
            "tags": {},
            "timeouts": null
          },
          "sensitive_attributes": []
        }
      ]
    },
    {
      "module": "module.azure_networking",
      "mode": "data",
      "type": "azurerm_private_dns_zone",
      "name": "dns_di",
      "provider": "module.azure_networking.provider[\"registry.terraform.io/hashicorp/azurerm\"].subscription-trv",
      "instances": [
        {
          "schema_version": 0,
          "attributes": {
            "id": "/subscriptions/182e84ac-5f70-47e9-a016-6b2b91ce994d/resourceGroups/az-trv-hubdev-rg-networking-001/providers/Microsoft.Network/privateDnsZones/privatelink.cognitiveservices.azure.com",
            "max_number_of_record_sets": 25000,
            "max_number_of_virtual_network_links": 1000,
            "max_number_of_virtual_network_links_with_registration": 100,
            "name": "privatelink.cognitiveservices.azure.com",
            "number_of_record_sets": 9,
            "resource_group_name": "az-trv-hubdev-rg-networking-001",
            "tags": {},
            "timeouts": null
          },
          "sensitive_attributes": []
        }
      ]
    },
    {
      "module": "module.azure_networking",
      "mode": "data",
      "type": "azurerm_private_dns_zone",
      "name": "dns_kv",
      "provider": "module.azure_networking.provider[\"registry.terraform.io/hashicorp/azurerm\"].subscription-trv",
      "instances": [
        {
          "schema_version": 0,
          "attributes": {
            "id": "/subscriptions/182e84ac-5f70-47e9-a016-6b2b91ce994d/resourceGroups/az-trv-hubdev-rg-networking-001/providers/Microsoft.Network/privateDnsZones/privatelink.vaultcore.azure.net",
            "max_number_of_record_sets": 25000,
            "max_number_of_virtual_network_links": 1000,
            "max_number_of_virtual_network_links_with_registration": 100,
            "name": "privatelink.vaultcore.azure.net",
            "number_of_record_sets": 18,
            "resource_group_name": "az-trv-hubdev-rg-networking-001",
            "tags": {
              "Ambiente": "Desarrollo",
              "Backup": "No Aplica",
              "Confidencialidad": "Medio",
              "Proyecto": "Networking",
              "Recurso": "Private Dns Zone"
            },
            "timeouts": null
          },
          "sensitive_attributes": []
        }
      ]
    },
    {
      "module": "module.azure_networking",
      "mode": "data",
      "type": "azurerm_private_dns_zone",
      "name": "dns_mlw_api",
      "provider": "module.azure_networking.provider[\"registry.terraform.io/hashicorp/azurerm\"].subscription-trv",
      "instances": [
        {
          "schema_version": 0,
          "attributes": {
            "id": "/subscriptions/182e84ac-5f70-47e9-a016-6b2b91ce994d/resourceGroups/az-trv-hubdev-rg-networking-001/providers/Microsoft.Network/privateDnsZones/privatelink.api.azureml.ms",
            "max_number_of_record_sets": 25000,
            "max_number_of_virtual_network_links": 1000,
            "max_number_of_virtual_network_links_with_registration": 100,
            "name": "privatelink.api.azureml.ms",
            "number_of_record_sets": 5,
            "resource_group_name": "az-trv-hubdev-rg-networking-001",
            "tags": {},
            "timeouts": null
          },
          "sensitive_attributes": []
        }
      ]
    },
    {
      "module": "module.azure_networking",
      "mode": "data",
      "type": "azurerm_private_dns_zone",
      "name": "dns_mlw_notebooks",
      "provider": "module.azure_networking.provider[\"registry.terraform.io/hashicorp/azurerm\"].subscription-trv",
      "instances": [
        {
          "schema_version": 0,
          "attributes": {
            "id": "/subscriptions/182e84ac-5f70-47e9-a016-6b2b91ce994d/resourceGroups/az-trv-hubdev-rg-networking-001/providers/Microsoft.Network/privateDnsZones/privatelink.notebooks.azure.net",
            "max_number_of_record_sets": 25000,
            "max_number_of_virtual_network_links": 1000,
            "max_number_of_virtual_network_links_with_registration": 100,
            "name": "privatelink.notebooks.azure.net",
            "number_of_record_sets": 2,
            "resource_group_name": "az-trv-hubdev-rg-networking-001",
            "tags": {},
            "timeouts": null
          },
          "sensitive_attributes": []
        }
      ]
    },
    {
      "module": "module.azure_networking",
      "mode": "data",
      "type": "azurerm_private_dns_zone",
      "name": "dns_oai",
      "provider": "module.azure_networking.provider[\"registry.terraform.io/hashicorp/azurerm\"].subscription-trv",
      "instances": [
        {
          "schema_version": 0,
          "attributes": {
            "id": "/subscriptions/182e84ac-5f70-47e9-a016-6b2b91ce994d/resourceGroups/az-trv-hubdev-rg-networking-001/providers/Microsoft.Network/privateDnsZones/privatelink.openai.azure.com",
            "max_number_of_record_sets": 25000,
            "max_number_of_virtual_network_links": 1000,
            "max_number_of_virtual_network_links_with_registration": 100,
            "name": "privatelink.openai.azure.com",
            "number_of_record_sets": 5,
            "resource_group_name": "az-trv-hubdev-rg-networking-001",
            "tags": {},
            "timeouts": null
          },
          "sensitive_attributes": []
        }
      ]
    },
    {
      "module": "module.azure_networking",
      "mode": "data",
      "type": "azurerm_private_dns_zone",
      "name": "dns_srch",
      "provider": "module.azure_networking.provider[\"registry.terraform.io/hashicorp/azurerm\"].subscription-trv",
      "instances": [
        {
          "schema_version": 0,
          "attributes": {
            "id": "/subscriptions/182e84ac-5f70-47e9-a016-6b2b91ce994d/resourceGroups/az-trv-hubdev-rg-networking-001/providers/Microsoft.Network/privateDnsZones/privatelink.search.windows.net",
            "max_number_of_record_sets": 25000,
            "max_number_of_virtual_network_links": 1000,
            "max_number_of_virtual_network_links_with_registration": 100,
            "name": "privatelink.search.windows.net",
            "number_of_record_sets": 3,
            "resource_group_name": "az-trv-hubdev-rg-networking-001",
            "tags": {},
            "timeouts": null
          },
          "sensitive_attributes": []
        }
      ]
    },
    {
      "module": "module.azure_networking",
      "mode": "data",
      "type": "azurerm_private_dns_zone",
      "name": "dns_stac_blob",
      "provider": "module.azure_networking.provider[\"registry.terraform.io/hashicorp/azurerm\"].subscription-trv",
      "instances": [
        {
          "schema_version": 0,
          "attributes": {
            "id": "/subscriptions/182e84ac-5f70-47e9-a016-6b2b91ce994d/resourceGroups/az-trv-hubdev-rg-networking-001/providers/Microsoft.Network/privateDnsZones/privatelink.blob.core.windows.net",
            "max_number_of_record_sets": 25000,
            "max_number_of_virtual_network_links": 1000,
            "max_number_of_virtual_network_links_with_registration": 100,
            "name": "privatelink.blob.core.windows.net",
            "number_of_record_sets": 35,
            "resource_group_name": "az-trv-hubdev-rg-networking-001",
            "tags": {},
            "timeouts": null
          },
          "sensitive_attributes": []
        }
      ]
    },
    {
      "module": "module.azure_networking",
      "mode": "data",
      "type": "azurerm_private_dns_zone",
      "name": "dns_wapp",
      "provider": "module.azure_networking.provider[\"registry.terraform.io/hashicorp/azurerm\"].subscription-trv",
      "instances": [
        {
          "schema_version": 0,
          "attributes": {
            "id": "/subscriptions/182e84ac-5f70-47e9-a016-6b2b91ce994d/resourceGroups/az-trv-hubdev-rg-networking-001/providers/Microsoft.Network/privateDnsZones/privatelink.azurewebsites.net",
            "max_number_of_record_sets": 25000,
            "max_number_of_virtual_network_links": 1000,
            "max_number_of_virtual_network_links_with_registration": 100,
            "name": "privatelink.azurewebsites.net",
            "number_of_record_sets": 31,
            "resource_group_name": "az-trv-hubdev-rg-networking-001",
            "tags": {
              "Ambiente": "Desarrollo",
              "Backup": "No Aplica",
              "Confidencialidad": "Medio",
              "Proyecto": "Networking",
              "Recurso": "Private Dns Zone"
            },
            "timeouts": null
          },
          "sensitive_attributes": []
        }
      ]
    },
    {
      "module": "module.azure_networking",
      "mode": "data",
      "type": "azurerm_resource_group",
      "name": "rg_networking",
      "provider": "provider[\"registry.terraform.io/hashicorp/azurerm\"]",
      "instances": [
        {
          "schema_version": 0,
          "attributes": {
            "id": "/subscriptions/d92c9bc4-d242-48e1-a224-9b9c93d46134/resourceGroups/az-sc-dev-rg-networking-000",
            "location": "eastus2",
            "managed_by": "",
            "name": "az-sc-dev-rg-networking-000",
            "tags": {},
            "timeouts": null
          },
          "sensitive_attributes": []
        }
      ]
    },
    {
      "module": "module.azure_networking",
      "mode": "data",
      "type": "azurerm_subnet",
      "name": "sbnet_ai",
      "provider": "provider[\"registry.terraform.io/hashicorp/azurerm\"]",
      "instances": [
        {
          "schema_version": 0,
          "attributes": {
            "address_prefix": "172.26.44.64/27",
            "address_prefixes": [
              "172.26.44.64/27"
            ],
            "default_outbound_access_enabled": true,
            "enforce_private_link_endpoint_network_policies": true,
            "enforce_private_link_service_network_policies": false,
            "id": "/subscriptions/d92c9bc4-d242-48e1-a224-9b9c93d46134/resourceGroups/az-sc-dev-rg-networking-000/providers/Microsoft.Network/virtualNetworks/az-sc-qa-vnet-000/subnets/az-sc-qa-snet-ai-000",
            "name": "az-sc-qa-snet-ai-000",
            "network_security_group_id": "",
            "private_endpoint_network_policies": "Disabled",
            "private_endpoint_network_policies_enabled": false,
            "private_link_service_network_policies_enabled": true,
            "resource_group_name": "az-sc-dev-rg-networking-000",
            "route_table_id": "",
            "service_endpoints": [],
            "timeouts": null,
            "virtual_network_name": "az-sc-qa-vnet-000"
          },
          "sensitive_attributes": []
        }
      ]
    },
    {
      "module": "module.azure_networking",
      "mode": "data",
      "type": "azurerm_subnet",
      "name": "sbnet_db",
      "provider": "provider[\"registry.terraform.io/hashicorp/azurerm\"]",
      "instances": [
        {
          "schema_version": 0,
          "attributes": {
            "address_prefix": "172.26.40.224/27",
            "address_prefixes": [
              "172.26.40.224/27"
            ],
            "default_outbound_access_enabled": true,
            "enforce_private_link_endpoint_network_policies": true,
            "enforce_private_link_service_network_policies": false,
            "id": "/subscriptions/d92c9bc4-d242-48e1-a224-9b9c93d46134/resourceGroups/az-sc-dev-rg-networking-000/providers/Microsoft.Network/virtualNetworks/az-sc-qa-vnet-000/subnets/az-sc-qa-snet-db-002",
            "name": "az-sc-qa-snet-db-002",
            "network_security_group_id": "",
            "private_endpoint_network_policies": "Disabled",
            "private_endpoint_network_policies_enabled": false,
            "private_link_service_network_policies_enabled": true,
            "resource_group_name": "az-sc-dev-rg-networking-000",
            "route_table_id": "",
            "service_endpoints": [
              "Microsoft.Sql"
            ],
            "timeouts": null,
            "virtual_network_name": "az-sc-qa-vnet-000"
          },
          "sensitive_attributes": []
        }
      ]
    },
    {
      "module": "module.azure_networking",
      "mode": "data",
      "type": "azurerm_subnet",
      "name": "sbnet_kv",
      "provider": "provider[\"registry.terraform.io/hashicorp/azurerm\"]",
      "instances": [
        {
          "schema_version": 0,
          "attributes": {
            "address_prefix": "172.26.41.16/28",
            "address_prefixes": [
              "172.26.41.16/28"
            ],
            "default_outbound_access_enabled": true,
            "enforce_private_link_endpoint_network_policies": true,
            "enforce_private_link_service_network_policies": false,
            "id": "/subscriptions/d92c9bc4-d242-48e1-a224-9b9c93d46134/resourceGroups/az-sc-dev-rg-networking-000/providers/Microsoft.Network/virtualNetworks/az-sc-qa-vnet-000/subnets/az-sc-qa-snet-kv-000",
            "name": "az-sc-qa-snet-kv-000",
            "network_security_group_id": "",
            "private_endpoint_network_policies": "Disabled",
            "private_endpoint_network_policies_enabled": false,
            "private_link_service_network_policies_enabled": true,
            "resource_group_name": "az-sc-dev-rg-networking-000",
            "route_table_id": "/subscriptions/d92c9bc4-d242-48e1-a224-9b9c93d46134/resourceGroups/az-sc-dev-rg-networking-000/providers/Microsoft.Network/routeTables/az-sc-devqa-rt-firewall-000",
            "service_endpoints": [
              "Microsoft.KeyVault"
            ],
            "timeouts": null,
            "virtual_network_name": "az-sc-qa-vnet-000"
          },
          "sensitive_attributes": []
        }
      ]
    },
    {
      "module": "module.azure_networking",
      "mode": "data",
      "type": "azurerm_subnet",
      "name": "sbnet_stac",
      "provider": "provider[\"registry.terraform.io/hashicorp/azurerm\"]",
      "instances": [
        {
          "schema_version": 0,
          "attributes": {
            "address_prefix": "172.26.40.64/26",
            "address_prefixes": [
              "172.26.40.64/26"
            ],
            "default_outbound_access_enabled": true,
            "enforce_private_link_endpoint_network_policies": true,
            "enforce_private_link_service_network_policies": false,
            "id": "/subscriptions/d92c9bc4-d242-48e1-a224-9b9c93d46134/resourceGroups/az-sc-dev-rg-networking-000/providers/Microsoft.Network/virtualNetworks/az-sc-qa-vnet-000/subnets/az-sc-qa-snet-stac-000",
            "name": "az-sc-qa-snet-stac-000",
            "network_security_group_id": "",
            "private_endpoint_network_policies": "Disabled",
            "private_endpoint_network_policies_enabled": false,
            "private_link_service_network_policies_enabled": true,
            "resource_group_name": "az-sc-dev-rg-networking-000",
            "route_table_id": "/subscriptions/d92c9bc4-d242-48e1-a224-9b9c93d46134/resourceGroups/az-sc-dev-rg-networking-000/providers/Microsoft.Network/routeTables/az-sc-devqa-rt-firewall-000",
            "service_endpoints": [
              "Microsoft.Storage"
            ],
            "timeouts": null,
            "virtual_network_name": "az-sc-qa-vnet-000"
          },
          "sensitive_attributes": []
        }
      ]
    },
    {
      "module": "module.azure_networking",
      "mode": "data",
      "type": "azurerm_subnet",
      "name": "sbnet_wapp",
      "provider": "provider[\"registry.terraform.io/hashicorp/azurerm\"]",
      "instances": [
        {
          "schema_version": 0,
          "attributes": {
            "address_prefix": "172.26.44.96/27",
            "address_prefixes": [
              "172.26.44.96/27"
            ],
            "default_outbound_access_enabled": true,
            "enforce_private_link_endpoint_network_policies": true,
            "enforce_private_link_service_network_policies": false,
            "id": "/subscriptions/d92c9bc4-d242-48e1-a224-9b9c93d46134/resourceGroups/az-sc-dev-rg-networking-000/providers/Microsoft.Network/virtualNetworks/az-sc-qa-vnet-000/subnets/az-sc-qa-snet-wapp-000",
            "name": "az-sc-qa-snet-wapp-000",
            "network_security_group_id": "",
            "private_endpoint_network_policies": "Disabled",
            "private_endpoint_network_policies_enabled": false,
            "private_link_service_network_policies_enabled": true,
            "resource_group_name": "az-sc-dev-rg-networking-000",
            "route_table_id": "/subscriptions/d92c9bc4-d242-48e1-a224-9b9c93d46134/resourceGroups/az-sc-dev-rg-networking-000/providers/Microsoft.Network/routeTables/az-sc-devqa-rt-firewall-000",
            "service_endpoints": [],
            "timeouts": null,
            "virtual_network_name": "az-sc-qa-vnet-000"
          },
          "sensitive_attributes": []
        }
      ]
    },
    {
      "module": "module.azure_networking",
      "mode": "data",
      "type": "azurerm_virtual_network",
      "name": "vnet",
      "provider": "provider[\"registry.terraform.io/hashicorp/azurerm\"]",
      "instances": [
        {
          "schema_version": 0,
          "attributes": {
            "address_space": [
              "172.26.40.0/22",
              "172.26.44.0/24"
            ],
            "dns_servers": null,
            "guid": "476b11a8-6e44-433c-9156-649f15f54863",
            "id": "/subscriptions/d92c9bc4-d242-48e1-a224-9b9c93d46134/resourceGroups/az-sc-dev-rg-networking-000/providers/Microsoft.Network/virtualNetworks/az-sc-qa-vnet-000",
            "location": "eastus2",
            "name": "az-sc-qa-vnet-000",
            "resource_group_name": "az-sc-dev-rg-networking-000",
            "subnets": [
              "az-sc-qa-snet-aks-000",
              "az-sc-qa-snet-vm-000",
              "az-sc-qa-snet-stac-000",
              "az-sc-qa-snet-db-000",
              "az-sc-qa-snet-codqr-000",
              "az-sc-qa-snet-codqr-integ-000",
              "az-sc-qa-snet-psql-000",
              "az-sc-qa-snet-acr-000",
              "az-sc-qa-snet-vnetinteg-000",
              "az-sc-qa-snet-ai-000",
              "az-sc-qa-snet-wapp-000",
              "az-sc-qa-snet-kv-000",
              "az-sc-qa-snet-db-001",
              "az-sc-qa-snet-db-002"
            ],
            "tags": {
              "Ambiente": "QA",
              "Created by": "Andres Vinchira",
              "Empresa": "Colmena Seguros",
              "Unidad de negocio": "Analitica"
            },
            "timeouts": null,
            "vnet_peerings": {
              "az-sc-qa-vnet-000-to-az-fgs-dev-vnet-001": "/subscriptions/01aba6e7-2374-453c-8d67-6b8b851b99f2/resourceGroups/az-fgs-dev-rg-networking-001/providers/Microsoft.Network/virtualNetworks/az-fgs-dev-vnet-001",
              "az-sc-qa-vnet-000-to-az-sc-dev-vnet-000": "/subscriptions/d92c9bc4-d242-48e1-a224-9b9c93d46134/resourceGroups/az-sc-dev-rg-networking-000/providers/Microsoft.Network/virtualNetworks/az-sc-dev-vnet-000",
              "az-sc-qa-vnet-000-to-az-trv-hubdev-vnet-001": "/subscriptions/182e84ac-5f70-47e9-a016-6b2b91ce994d/resourceGroups/az-trv-hubdev-rg-security-000/providers/Microsoft.Network/virtualNetworks/az-trv-hubdev-vnet-001",
              "az-sc-qa-vnet-000-to-az-trv-hubdev-vnet-e2-000": "/subscriptions/182e84ac-5f70-47e9-a016-6b2b91ce994d/resourceGroups/az-trv-hubdev-rg-networking-e2-000/providers/Microsoft.Network/virtualNetworks/az-trv-hubdev-vnet-e2-000"
            },
            "vnet_peerings_addresses": [
              "172.26.224.0/24",
              "172.26.225.128/25",
              "172.26.48.0/23",
              "172.26.30.0/23",
              "172.26.32.0/23",
              "172.26.34.0/23"
            ]
          },
          "sensitive_attributes": []
        }
      ]
    },
    {
      "module": "module.azure_stac",
      "mode": "managed",
      "type": "azurerm_storage_account",
      "name": "stac",
      "provider": "provider[\"registry.terraform.io/hashicorp/azurerm\"]",
      "instances": [
        {
          "schema_version": 4,
          "attributes": {
            "access_tier": "Hot",
            "account_kind": "StorageV2",
            "account_replication_type": "LRS",
            "account_tier": "Standard",
            "allow_nested_items_to_be_public": true,
            "allowed_copy_scope": "",
            "azure_files_authentication": [],
            "blob_properties": [
              {
                "change_feed_enabled": false,
                "change_feed_retention_in_days": 0,
                "container_delete_retention_policy": [],
                "cors_rule": [],
                "default_service_version": "",
                "delete_retention_policy": [],
                "last_access_time_enabled": false,
                "restore_policy": [],
                "versioning_enabled": false
              }
            ],
            "cross_tenant_replication_enabled": true,
            "custom_domain": [],
            "customer_managed_key": [],
            "default_to_oauth_authentication": false,
            "dns_endpoint_type": "Standard",
            "edge_zone": "",
            "enable_https_traffic_only": true,
            "https_traffic_only_enabled": true,
            "id": "/subscriptions/d92c9bc4-d242-48e1-a224-9b9c93d46134/resourceGroups/az-sc-qa-rg-mari-001/providers/Microsoft.Storage/storageAccounts/azscqastacmari001",
            "identity": [],
            "immutability_policy": [],
            "infrastructure_encryption_enabled": false,
            "is_hns_enabled": false,
            "large_file_share_enabled": false,
            "local_user_enabled": true,
            "location": "eastus2",
            "min_tls_version": "TLS1_2",
            "name": "azscqastacmari001",
            "network_rules": [
              {
                "bypass": [
                  "AzureServices"
                ],
                "default_action": "Deny",
                "ip_rules": [],
                "private_link_access": [],
                "virtual_network_subnet_ids": [
                  "/subscriptions/d92c9bc4-d242-48e1-a224-9b9c93d46134/resourceGroups/az-sc-dev-rg-networking-000/providers/Microsoft.Network/virtualNetworks/az-sc-qa-vnet-000/subnets/az-sc-qa-snet-stac-000"
                ]
              }
            ],
            "nfsv3_enabled": false,
            "primary_access_key": "ZfBjhrMmICLlBeqNYD10FWyUcitVB1XezMwywv+EjlrH/BF0Wok4vCnSz7wkcxZHP2L7fPdTcyIi+ASthILMIQ==",
            "primary_blob_connection_string": "DefaultEndpointsProtocol=https;BlobEndpoint=https://azscqastacmari001.blob.core.windows.net/;AccountName=azscqastacmari001;AccountKey=ZfBjhrMmICLlBeqNYD10FWyUcitVB1XezMwywv+EjlrH/BF0Wok4vCnSz7wkcxZHP2L7fPdTcyIi+ASthILMIQ==",
            "primary_blob_endpoint": "https://azscqastacmari001.blob.core.windows.net/",
            "primary_blob_host": "azscqastacmari001.blob.core.windows.net",
            "primary_blob_internet_endpoint": "",
            "primary_blob_internet_host": "",
            "primary_blob_microsoft_endpoint": "",
            "primary_blob_microsoft_host": "",
            "primary_connection_string": "DefaultEndpointsProtocol=https;AccountName=azscqastacmari001;AccountKey=ZfBjhrMmICLlBeqNYD10FWyUcitVB1XezMwywv+EjlrH/BF0Wok4vCnSz7wkcxZHP2L7fPdTcyIi+ASthILMIQ==;EndpointSuffix=core.windows.net",
            "primary_dfs_endpoint": "https://azscqastacmari001.dfs.core.windows.net/",
            "primary_dfs_host": "azscqastacmari001.dfs.core.windows.net",
            "primary_dfs_internet_endpoint": "",
            "primary_dfs_internet_host": "",
            "primary_dfs_microsoft_endpoint": "",
            "primary_dfs_microsoft_host": "",
            "primary_file_endpoint": "https://azscqastacmari001.file.core.windows.net/",
            "primary_file_host": "azscqastacmari001.file.core.windows.net",
            "primary_file_internet_endpoint": "",
            "primary_file_internet_host": "",
            "primary_file_microsoft_endpoint": "",
            "primary_file_microsoft_host": "",
            "primary_location": "eastus2",
            "primary_queue_endpoint": "https://azscqastacmari001.queue.core.windows.net/",
            "primary_queue_host": "azscqastacmari001.queue.core.windows.net",
            "primary_queue_microsoft_endpoint": "",
            "primary_queue_microsoft_host": "",
            "primary_table_endpoint": "https://azscqastacmari001.table.core.windows.net/",
            "primary_table_host": "azscqastacmari001.table.core.windows.net",
            "primary_table_microsoft_endpoint": "",
            "primary_table_microsoft_host": "",
            "primary_web_endpoint": "https://azscqastacmari001.z20.web.core.windows.net/",
            "primary_web_host": "azscqastacmari001.z20.web.core.windows.net",
            "primary_web_internet_endpoint": "",
            "primary_web_internet_host": "",
            "primary_web_microsoft_endpoint": "",
            "primary_web_microsoft_host": "",
            "public_network_access_enabled": true,
            "queue_encryption_key_type": "Service",
            "queue_properties": [
              {
                "cors_rule": [],
                "hour_metrics": [
                  {
                    "enabled": true,
                    "include_apis": true,
                    "retention_policy_days": 7,
                    "version": "1.0"
                  }
                ],
                "logging": [
                  {
                    "delete": false,
                    "read": false,
                    "retention_policy_days": 0,
                    "version": "1.0",
                    "write": false
                  }
                ],
                "minute_metrics": [
                  {
                    "enabled": false,
                    "include_apis": false,
                    "retention_policy_days": 0,
                    "version": "1.0"
                  }
                ]
              }
            ],
            "resource_group_name": "az-sc-qa-rg-mari-001",
            "routing": [],
            "sas_policy": [],
            "secondary_access_key": "qmGjiVeqWk0mYmzH9MKoDi6dX4fh5V/WcMmNjv9UHx2uiAifB+MYriI9Pnp8cnYR7MsqS7OSmMl4+AStJgx/lw==",
            "secondary_blob_connection_string": "",
            "secondary_blob_endpoint": "",
            "secondary_blob_host": "",
            "secondary_blob_internet_endpoint": "",
            "secondary_blob_internet_host": "",
            "secondary_blob_microsoft_endpoint": "",
            "secondary_blob_microsoft_host": "",
            "secondary_connection_string": "DefaultEndpointsProtocol=https;AccountName=azscqastacmari001;AccountKey=qmGjiVeqWk0mYmzH9MKoDi6dX4fh5V/WcMmNjv9UHx2uiAifB+MYriI9Pnp8cnYR7MsqS7OSmMl4+AStJgx/lw==;EndpointSuffix=core.windows.net",
            "secondary_dfs_endpoint": "",
            "secondary_dfs_host": "",
            "secondary_dfs_internet_endpoint": "",
            "secondary_dfs_internet_host": "",
            "secondary_dfs_microsoft_endpoint": "",
            "secondary_dfs_microsoft_host": "",
            "secondary_file_endpoint": "",
            "secondary_file_host": "",
            "secondary_file_internet_endpoint": "",
            "secondary_file_internet_host": "",
            "secondary_file_microsoft_endpoint": "",
            "secondary_file_microsoft_host": "",
            "secondary_location": "",
            "secondary_queue_endpoint": "",
            "secondary_queue_host": "",
            "secondary_queue_microsoft_endpoint": "",
            "secondary_queue_microsoft_host": "",
            "secondary_table_endpoint": "",
            "secondary_table_host": "",
            "secondary_table_microsoft_endpoint": "",
            "secondary_table_microsoft_host": "",
            "secondary_web_endpoint": "",
            "secondary_web_host": "",
            "secondary_web_internet_endpoint": "",
            "secondary_web_internet_host": "",
            "secondary_web_microsoft_endpoint": "",
            "secondary_web_microsoft_host": "",
            "sftp_enabled": false,
            "share_properties": [
              {
                "cors_rule": [],
                "retention_policy": [
                  {
                    "days": 7
                  }
                ],
                "smb": []
              }
            ],
            "shared_access_key_enabled": true,
            "static_website": [],
            "table_encryption_key_type": "Service",
            "tags": {
              "environment": "qa"
            },
            "timeouts": null
          },
          "sensitive_attributes": [],
          "private": "eyJlMmJmYjczMC1lY2FhLTExZTYtOGY4OC0zNDM2M2JjN2M0YzAiOnsiY3JlYXRlIjozNjAwMDAwMDAwMDAwLCJkZWxldGUiOjM2MDAwMDAwMDAwMDAsInJlYWQiOjMwMDAwMDAwMDAwMCwidXBkYXRlIjozNjAwMDAwMDAwMDAwfSwic2NoZW1hX3ZlcnNpb24iOiI0In0=",
          "dependencies": [
            "module.resource_group.azurerm_resource_group.rg"
          ]
        }
      ]
    },
    {
      "module": "module.bot_private_endpoint",
      "mode": "managed",
      "type": "azurerm_private_endpoint",
      "name": "pe",
      "provider": "provider[\"registry.terraform.io/hashicorp/azurerm\"]",
      "instances": [
        {
          "schema_version": 0,
          "attributes": {
            "custom_dns_configs": [],
            "custom_network_interface_name": "",
            "id": "/subscriptions/d92c9bc4-d242-48e1-a224-9b9c93d46134/resourceGroups/az-sc-qa-rg-mari-001/providers/Microsoft.Network/privateEndpoints/az-sc-qa-pep-bot-mari-000",
            "ip_configuration": [],
            "location": "eastus2",
            "name": "az-sc-qa-pep-bot-mari-000",
            "network_interface": [
              {
                "id": "/subscriptions/d92c9bc4-d242-48e1-a224-9b9c93d46134/resourceGroups/az-sc-qa-rg-mari-001/providers/Microsoft.Network/networkInterfaces/az-sc-qa-pep-bot-mari-000.nic.66d4ea9b-101f-493e-8c3b-2dfc523289b9",
                "name": "az-sc-qa-pep-bot-mari-000.nic.66d4ea9b-101f-493e-8c3b-2dfc523289b9"
              }
            ],
            "private_dns_zone_configs": [
              {
                "id": "/subscriptions/d92c9bc4-d242-48e1-a224-9b9c93d46134/resourceGroups/az-sc-qa-rg-mari-001/providers/Microsoft.Network/privateEndpoints/az-sc-qa-pep-bot-mari-000/privateDnsZoneGroups/az-trv-hubdev-rg-networking-001/privateDnsZoneConfigs/privatelink.directline.botframework.com",
                "name": "privatelink.directline.botframework.com",
                "private_dns_zone_id": "/subscriptions/182e84ac-5f70-47e9-a016-6b2b91ce994d/resourceGroups/az-trv-hubdev-rg-networking-001/providers/Microsoft.Network/privateDnsZones/privatelink.directline.botframework.com",
                "record_sets": [
                  {
                    "fqdn": "az-sc-qa-bot-mari-000.privatelink.directline.botframework.com",
                    "ip_addresses": [
                      "172.26.44.71"
                    ],
                    "name": "az-sc-qa-bot-mari-000",
                    "ttl": 10,
                    "type": "A"
                  }
                ]
              }
            ],
            "private_dns_zone_group": [
              {
                "id": "/subscriptions/d92c9bc4-d242-48e1-a224-9b9c93d46134/resourceGroups/az-sc-qa-rg-mari-001/providers/Microsoft.Network/privateEndpoints/az-sc-qa-pep-bot-mari-000/privateDnsZoneGroups/az-trv-hubdev-rg-networking-001",
                "name": "az-trv-hubdev-rg-networking-001",
                "private_dns_zone_ids": [
                  "/subscriptions/182e84ac-5f70-47e9-a016-6b2b91ce994d/resourceGroups/az-trv-hubdev-rg-networking-001/providers/Microsoft.Network/privateDnsZones/privatelink.directline.botframework.com"
                ]
              }
            ],
            "private_service_connection": [
              {
                "is_manual_connection": false,
                "name": "az-sc-qa-psc-bot-mari-000",
                "private_connection_resource_alias": "",
                "private_connection_resource_id": "/subscriptions/d92c9bc4-d242-48e1-a224-9b9c93d46134/resourceGroups/az-sc-qa-rg-mari-001/providers/Microsoft.BotService/botServices/az-sc-qa-bot-mari-000",
                "private_ip_address": "172.26.44.71",
                "request_message": "",
                "subresource_names": [
                  "bot"
                ]
              }
            ],
            "resource_group_name": "az-sc-qa-rg-mari-001",
            "subnet_id": "/subscriptions/d92c9bc4-d242-48e1-a224-9b9c93d46134/resourceGroups/az-sc-dev-rg-networking-000/providers/Microsoft.Network/virtualNetworks/az-sc-qa-vnet-000/subnets/az-sc-qa-snet-ai-000",
            "tags": {},
            "timeouts": null
          },
          "sensitive_attributes": [],
          "private": "eyJlMmJmYjczMC1lY2FhLTExZTYtOGY4OC0zNDM2M2JjN2M0YzAiOnsiY3JlYXRlIjozNjAwMDAwMDAwMDAwLCJkZWxldGUiOjM2MDAwMDAwMDAwMDAsInJlYWQiOjMwMDAwMDAwMDAwMCwidXBkYXRlIjozNjAwMDAwMDAwMDAwfX0=",
          "dependencies": [
            "module.azure_networking.data.azurerm_private_dns_zone.dns_bot",
            "module.azure_networking.data.azurerm_resource_group.rg_networking",
            "module.azure_networking.data.azurerm_subnet.sbnet_ai",
            "module.azure_networking.data.azurerm_virtual_network.vnet",
            "module.bot_service_azure_bot.azurerm_bot_service_azure_bot.bot",
            "module.resource_group.azurerm_resource_group.rg",
            "random_uuid.appid"
          ]
        }
      ]
    },
    {
      "module": "module.bot_service_azure_bot",
      "mode": "managed",
      "type": "azurerm_bot_service_azure_bot",
      "name": "bot",
      "provider": "provider[\"registry.terraform.io/hashicorp/azurerm\"]",
      "instances": [
        {
          "schema_version": 0,
          "attributes": {
            "cmk_key_vault_key_url": "",
            "developer_app_insights_api_key": "",
            "developer_app_insights_application_id": "",
            "developer_app_insights_key": "",
            "display_name": "az-sc-qa-bot-mari-000",
            "endpoint": "",
            "icon_url": "https://docs.botframework.com/static/devportal/client/images/bot-framework-default.png",
            "id": "/subscriptions/d92c9bc4-d242-48e1-a224-9b9c93d46134/resourceGroups/az-sc-qa-rg-mari-001/providers/Microsoft.BotService/botServices/az-sc-qa-bot-mari-000",
            "local_authentication_enabled": true,
            "location": "global",
            "luis_app_ids": [],
            "luis_key": null,
            "microsoft_app_id": "9e7807d6-a35e-c7d4-b4f2-ff80fd2f0b6d",
            "microsoft_app_msi_id": "",
            "microsoft_app_tenant_id": "",
            "microsoft_app_type": "",
            "name": "az-sc-qa-bot-mari-000",
            "public_network_access_enabled": false,
            "resource_group_name": "az-sc-qa-rg-mari-001",
            "sku": "S1",
            "streaming_endpoint_enabled": false,
            "tags": {},
            "timeouts": null
          },
          "sensitive_attributes": [],
          "private": "eyJlMmJmYjczMC1lY2FhLTExZTYtOGY4OC0zNDM2M2JjN2M0YzAiOnsiY3JlYXRlIjoxODAwMDAwMDAwMDAwLCJkZWxldGUiOjE4MDAwMDAwMDAwMDAsInJlYWQiOjMwMDAwMDAwMDAwMCwidXBkYXRlIjoxODAwMDAwMDAwMDAwfX0=",
          "dependencies": [
            "module.resource_group.azurerm_resource_group.rg",
            "random_uuid.appid"
          ]
        }
      ]
    },
    {
      "module": "module.bot_token_private_endpoint",
      "mode": "managed",
      "type": "azurerm_private_endpoint",
      "name": "pe",
      "provider": "provider[\"registry.terraform.io/hashicorp/azurerm\"]",
      "instances": [
        {
          "schema_version": 0,
          "attributes": {
            "custom_dns_configs": [],
            "custom_network_interface_name": "",
            "id": "/subscriptions/d92c9bc4-d242-48e1-a224-9b9c93d46134/resourceGroups/az-sc-qa-rg-mari-001/providers/Microsoft.Network/privateEndpoints/az-sc-qa-pep-bot-mari-001",
            "ip_configuration": [],
            "location": "eastus2",
            "name": "az-sc-qa-pep-bot-mari-001",
            "network_interface": [
              {
                "id": "/subscriptions/d92c9bc4-d242-48e1-a224-9b9c93d46134/resourceGroups/az-sc-qa-rg-mari-001/providers/Microsoft.Network/networkInterfaces/az-sc-qa-pep-bot-mari-001.nic.24645f77-6b60-4b19-a1d3-44fe30984b4e",
                "name": "az-sc-qa-pep-bot-mari-001.nic.24645f77-6b60-4b19-a1d3-44fe30984b4e"
              }
            ],
            "private_dns_zone_configs": [
              {
                "id": "/subscriptions/d92c9bc4-d242-48e1-a224-9b9c93d46134/resourceGroups/az-sc-qa-rg-mari-001/providers/Microsoft.Network/privateEndpoints/az-sc-qa-pep-bot-mari-001/privateDnsZoneGroups/az-trv-hubdev-rg-networking-001/privateDnsZoneConfigs/privatelink.token.botframework.com",
                "name": "privatelink.token.botframework.com",
                "private_dns_zone_id": "/subscriptions/182e84ac-5f70-47e9-a016-6b2b91ce994d/resourceGroups/az-trv-hubdev-rg-networking-001/providers/Microsoft.Network/privateDnsZones/privatelink.token.botframework.com",
                "record_sets": [
                  {
                    "fqdn": "az-sc-qa-bot-mari-000.privatelink.token.botframework.com",
                    "ip_addresses": [
                      "172.26.44.72"
                    ],
                    "name": "az-sc-qa-bot-mari-000",
                    "ttl": 10,
                    "type": "A"
                  }
                ]
              }
            ],
            "private_dns_zone_group": [
              {
                "id": "/subscriptions/d92c9bc4-d242-48e1-a224-9b9c93d46134/resourceGroups/az-sc-qa-rg-mari-001/providers/Microsoft.Network/privateEndpoints/az-sc-qa-pep-bot-mari-001/privateDnsZoneGroups/az-trv-hubdev-rg-networking-001",
                "name": "az-trv-hubdev-rg-networking-001",
                "private_dns_zone_ids": [
                  "/subscriptions/182e84ac-5f70-47e9-a016-6b2b91ce994d/resourceGroups/az-trv-hubdev-rg-networking-001/providers/Microsoft.Network/privateDnsZones/privatelink.token.botframework.com"
                ]
              }
            ],
            "private_service_connection": [
              {
                "is_manual_connection": false,
                "name": "az-sc-qa-psc-bot-mari-001",
                "private_connection_resource_alias": "",
                "private_connection_resource_id": "/subscriptions/d92c9bc4-d242-48e1-a224-9b9c93d46134/resourceGroups/az-sc-qa-rg-mari-001/providers/Microsoft.BotService/botServices/az-sc-qa-bot-mari-000",
                "private_ip_address": "172.26.44.72",
                "request_message": "",
                "subresource_names": [
                  "token"
                ]
              }
            ],
            "resource_group_name": "az-sc-qa-rg-mari-001",
            "subnet_id": "/subscriptions/d92c9bc4-d242-48e1-a224-9b9c93d46134/resourceGroups/az-sc-dev-rg-networking-000/providers/Microsoft.Network/virtualNetworks/az-sc-qa-vnet-000/subnets/az-sc-qa-snet-ai-000",
            "tags": {},
            "timeouts": null
          },
          "sensitive_attributes": [],
          "private": "eyJlMmJmYjczMC1lY2FhLTExZTYtOGY4OC0zNDM2M2JjN2M0YzAiOnsiY3JlYXRlIjozNjAwMDAwMDAwMDAwLCJkZWxldGUiOjM2MDAwMDAwMDAwMDAsInJlYWQiOjMwMDAwMDAwMDAwMCwidXBkYXRlIjozNjAwMDAwMDAwMDAwfX0=",
          "dependencies": [
            "module.azure_networking.data.azurerm_private_dns_zone.dns_bot_token",
            "module.azure_networking.data.azurerm_resource_group.rg_networking",
            "module.azure_networking.data.azurerm_subnet.sbnet_ai",
            "module.azure_networking.data.azurerm_virtual_network.vnet",
            "module.bot_service_azure_bot.azurerm_bot_service_azure_bot.bot",
            "module.resource_group.azurerm_resource_group.rg",
            "random_uuid.appid"
          ]
        }
      ]
    },
    {
      "module": "module.data_factory",
      "mode": "managed",
      "type": "azurerm_data_factory",
      "name": "adf",
      "provider": "provider[\"registry.terraform.io/hashicorp/azurerm\"]",
      "instances": [
        {
          "schema_version": 2,
          "attributes": {
            "customer_managed_key_id": "",
            "customer_managed_key_identity_id": "",
            "github_configuration": [],
            "global_parameter": [],
            "id": "/subscriptions/d92c9bc4-d242-48e1-a224-9b9c93d46134/resourceGroups/az-sc-qa-rg-mari-001/providers/Microsoft.DataFactory/factories/az-sc-qa-adf-mari-000",
            "identity": [
              {
                "identity_ids": [],
                "principal_id": "353cb7f4-fef0-4349-b059-5c85340da897",
                "tenant_id": "a0e552ce-907e-4910-91e0-dc3bf25800bd",
                "type": "SystemAssigned"
              }
            ],
            "location": "eastus2",
            "managed_virtual_network_enabled": true,
            "name": "az-sc-qa-adf-mari-000",
            "public_network_enabled": false,
            "purview_id": "",
            "resource_group_name": "az-sc-qa-rg-mari-001",
            "tags": {},
            "timeouts": null,
            "vsts_configuration": []
          },
          "sensitive_attributes": [],
          "private": "eyJlMmJmYjczMC1lY2FhLTExZTYtOGY4OC0zNDM2M2JjN2M0YzAiOnsiY3JlYXRlIjoxODAwMDAwMDAwMDAwLCJkZWxldGUiOjE4MDAwMDAwMDAwMDAsInJlYWQiOjMwMDAwMDAwMDAwMCwidXBkYXRlIjoxODAwMDAwMDAwMDAwfSwic2NoZW1hX3ZlcnNpb24iOiIyIn0=",
          "dependencies": [
            "module.resource_group.azurerm_resource_group.rg"
          ]
        }
      ]
    },
    {
      "module": "module.di_cognitive_account",
      "mode": "managed",
      "type": "azurerm_cognitive_account",
      "name": "ca",
      "provider": "provider[\"registry.terraform.io/hashicorp/azurerm\"]",
      "instances": [
        {
          "schema_version": 0,
          "attributes": {
            "custom_question_answering_search_service_id": null,
            "custom_question_answering_search_service_key": null,
            "custom_subdomain_name": "qa-di-mari-000",
            "customer_managed_key": [],
            "dynamic_throttling_enabled": false,
            "endpoint": "https://qa-di-mari-000.cognitiveservices.azure.com/",
            "fqdns": [],
            "id": "/subscriptions/d92c9bc4-d242-48e1-a224-9b9c93d46134/resourceGroups/az-sc-qa-rg-mari-001/providers/Microsoft.CognitiveServices/accounts/az-sc-qa-di-mari-000",
            "identity": [],
            "kind": "FormRecognizer",
            "local_auth_enabled": true,
            "location": "eastus2",
            "metrics_advisor_aad_client_id": null,
            "metrics_advisor_aad_tenant_id": null,
            "metrics_advisor_super_user_name": null,
            "metrics_advisor_website_name": null,
            "name": "az-sc-qa-di-mari-000",
            "network_acls": [],
            "outbound_network_access_restricted": false,
            "primary_access_key": "af182990a4634b40a515b39887851940",
            "public_network_access_enabled": false,
            "qna_runtime_endpoint": null,
            "resource_group_name": "az-sc-qa-rg-mari-001",
            "secondary_access_key": "2c0ffb76892c4e308b4130ad26e42ff5",
            "sku_name": "S0",
            "storage": [],
            "tags": {},
            "timeouts": null
          },
          "sensitive_attributes": [],
          "private": "eyJlMmJmYjczMC1lY2FhLTExZTYtOGY4OC0zNDM2M2JjN2M0YzAiOnsiY3JlYXRlIjoxODAwMDAwMDAwMDAwLCJkZWxldGUiOjE4MDAwMDAwMDAwMDAsInJlYWQiOjMwMDAwMDAwMDAwMCwidXBkYXRlIjoxODAwMDAwMDAwMDAwfX0=",
          "dependencies": [
            "module.resource_group.azurerm_resource_group.rg"
          ]
        }
      ]
    },
    {
      "module": "module.di_private_endpoint",
      "mode": "managed",
      "type": "azurerm_private_endpoint",
      "name": "pe",
      "provider": "provider[\"registry.terraform.io/hashicorp/azurerm\"]",
      "instances": [
        {
          "schema_version": 0,
          "attributes": {
            "custom_dns_configs": [],
            "custom_network_interface_name": "",
            "id": "/subscriptions/d92c9bc4-d242-48e1-a224-9b9c93d46134/resourceGroups/az-sc-qa-rg-mari-001/providers/Microsoft.Network/privateEndpoints/az-sc-pep-qa-di-mari-000",
            "ip_configuration": [],
            "location": "eastus2",
            "name": "az-sc-pep-qa-di-mari-000",
            "network_interface": [
              {
                "id": "/subscriptions/d92c9bc4-d242-48e1-a224-9b9c93d46134/resourceGroups/az-sc-qa-rg-mari-001/providers/Microsoft.Network/networkInterfaces/az-sc-pep-qa-di-mari-000.nic.dc54e159-b02b-4a47-989e-79438f33fa9a",
                "name": "az-sc-pep-qa-di-mari-000.nic.dc54e159-b02b-4a47-989e-79438f33fa9a"
              }
            ],
            "private_dns_zone_configs": [
              {
                "id": "/subscriptions/d92c9bc4-d242-48e1-a224-9b9c93d46134/resourceGroups/az-sc-qa-rg-mari-001/providers/Microsoft.Network/privateEndpoints/az-sc-pep-qa-di-mari-000/privateDnsZoneGroups/az-trv-hubdev-rg-networking-001/privateDnsZoneConfigs/privatelink.cognitiveservices.azure.com",
                "name": "privatelink.cognitiveservices.azure.com",
                "private_dns_zone_id": "/subscriptions/182e84ac-5f70-47e9-a016-6b2b91ce994d/resourceGroups/az-trv-hubdev-rg-networking-001/providers/Microsoft.Network/privateDnsZones/privatelink.cognitiveservices.azure.com",
                "record_sets": [
                  {
                    "fqdn": "qa-di-mari-000.privatelink.cognitiveservices.azure.com",
                    "ip_addresses": [
                      "172.26.44.69"
                    ],
                    "name": "qa-di-mari-000",
                    "ttl": 10,
                    "type": "A"
                  }
                ]
              }
            ],
            "private_dns_zone_group": [
              {
                "id": "/subscriptions/d92c9bc4-d242-48e1-a224-9b9c93d46134/resourceGroups/az-sc-qa-rg-mari-001/providers/Microsoft.Network/privateEndpoints/az-sc-pep-qa-di-mari-000/privateDnsZoneGroups/az-trv-hubdev-rg-networking-001",
                "name": "az-trv-hubdev-rg-networking-001",
                "private_dns_zone_ids": [
                  "/subscriptions/182e84ac-5f70-47e9-a016-6b2b91ce994d/resourceGroups/az-trv-hubdev-rg-networking-001/providers/Microsoft.Network/privateDnsZones/privatelink.cognitiveservices.azure.com"
                ]
              }
            ],
            "private_service_connection": [
              {
                "is_manual_connection": false,
                "name": "az-sc-qa-psc-di-mari-000",
                "private_connection_resource_alias": "",
                "private_connection_resource_id": "/subscriptions/d92c9bc4-d242-48e1-a224-9b9c93d46134/resourceGroups/az-sc-qa-rg-mari-001/providers/Microsoft.CognitiveServices/accounts/az-sc-qa-di-mari-000",
                "private_ip_address": "172.26.44.69",
                "request_message": "",
                "subresource_names": [
                  "account"
                ]
              }
            ],
            "resource_group_name": "az-sc-qa-rg-mari-001",
            "subnet_id": "/subscriptions/d92c9bc4-d242-48e1-a224-9b9c93d46134/resourceGroups/az-sc-dev-rg-networking-000/providers/Microsoft.Network/virtualNetworks/az-sc-qa-vnet-000/subnets/az-sc-qa-snet-ai-000",
            "tags": {},
            "timeouts": null
          },
          "sensitive_attributes": [],
          "private": "eyJlMmJmYjczMC1lY2FhLTExZTYtOGY4OC0zNDM2M2JjN2M0YzAiOnsiY3JlYXRlIjozNjAwMDAwMDAwMDAwLCJkZWxldGUiOjM2MDAwMDAwMDAwMDAsInJlYWQiOjMwMDAwMDAwMDAwMCwidXBkYXRlIjozNjAwMDAwMDAwMDAwfX0=",
          "dependencies": [
            "module.azure_networking.data.azurerm_private_dns_zone.dns_di",
            "module.azure_networking.data.azurerm_resource_group.rg_networking",
            "module.azure_networking.data.azurerm_subnet.sbnet_ai",
            "module.azure_networking.data.azurerm_virtual_network.vnet",
            "module.di_cognitive_account.azurerm_cognitive_account.ca",
            "module.resource_group.azurerm_resource_group.rg"
          ]
        }
      ]
    },
    {
      "module": "module.kv_private_endpoint",
      "mode": "managed",
      "type": "azurerm_private_endpoint",
      "name": "pe",
      "provider": "provider[\"registry.terraform.io/hashicorp/azurerm\"]",
      "instances": [
        {
          "schema_version": 0,
          "attributes": {
            "custom_dns_configs": [],
            "custom_network_interface_name": "",
            "id": "/subscriptions/d92c9bc4-d242-48e1-a224-9b9c93d46134/resourceGroups/az-sc-qa-rg-mari-001/providers/Microsoft.Network/privateEndpoints/az-sc-qa-pep-kv-mari-000",
            "ip_configuration": [],
            "location": "eastus2",
            "name": "az-sc-qa-pep-kv-mari-000",
            "network_interface": [
              {
                "id": "/subscriptions/d92c9bc4-d242-48e1-a224-9b9c93d46134/resourceGroups/az-sc-qa-rg-mari-001/providers/Microsoft.Network/networkInterfaces/az-sc-qa-pep-kv-mari-000.nic.f9ccea59-23fc-4914-9d43-02c9dbe5538c",
                "name": "az-sc-qa-pep-kv-mari-000.nic.f9ccea59-23fc-4914-9d43-02c9dbe5538c"
              }
            ],
            "private_dns_zone_configs": [
              {
                "id": "/subscriptions/d92c9bc4-d242-48e1-a224-9b9c93d46134/resourceGroups/az-sc-qa-rg-mari-001/providers/Microsoft.Network/privateEndpoints/az-sc-qa-pep-kv-mari-000/privateDnsZoneGroups/az-trv-hubdev-rg-networking-001/privateDnsZoneConfigs/privatelink.vaultcore.azure.net",
                "name": "privatelink.vaultcore.azure.net",
                "private_dns_zone_id": "/subscriptions/182e84ac-5f70-47e9-a016-6b2b91ce994d/resourceGroups/az-trv-hubdev-rg-networking-001/providers/Microsoft.Network/privateDnsZones/privatelink.vaultcore.azure.net",
                "record_sets": [
                  {
                    "fqdn": "az-sc-qa-kv-mlw-mari-000.privatelink.vaultcore.azure.net",
                    "ip_addresses": [
                      "172.26.41.21"
                    ],
                    "name": "az-sc-qa-kv-mlw-mari-000",
                    "ttl": 10,
                    "type": "A"
                  }
                ]
              }
            ],
            "private_dns_zone_group": [
              {
                "id": "/subscriptions/d92c9bc4-d242-48e1-a224-9b9c93d46134/resourceGroups/az-sc-qa-rg-mari-001/providers/Microsoft.Network/privateEndpoints/az-sc-qa-pep-kv-mari-000/privateDnsZoneGroups/az-trv-hubdev-rg-networking-001",
                "name": "az-trv-hubdev-rg-networking-001",
                "private_dns_zone_ids": [
                  "/subscriptions/182e84ac-5f70-47e9-a016-6b2b91ce994d/resourceGroups/az-trv-hubdev-rg-networking-001/providers/Microsoft.Network/privateDnsZones/privatelink.vaultcore.azure.net"
                ]
              }
            ],
            "private_service_connection": [
              {
                "is_manual_connection": false,
                "name": "az-sc-qa-psc-kv-mari-000",
                "private_connection_resource_alias": "",
                "private_connection_resource_id": "/subscriptions/d92c9bc4-d242-48e1-a224-9b9c93d46134/resourceGroups/az-sc-qa-rg-mari-001/providers/Microsoft.KeyVault/vaults/az-sc-qa-kv-mlw-mari-000",
                "private_ip_address": "172.26.41.21",
                "request_message": "",
                "subresource_names": [
                  "vault"
                ]
              }
            ],
            "resource_group_name": "az-sc-qa-rg-mari-001",
            "subnet_id": "/subscriptions/d92c9bc4-d242-48e1-a224-9b9c93d46134/resourceGroups/az-sc-dev-rg-networking-000/providers/Microsoft.Network/virtualNetworks/az-sc-qa-vnet-000/subnets/az-sc-qa-snet-kv-000",
            "tags": {},
            "timeouts": null
          },
          "sensitive_attributes": [],
          "private": "eyJlMmJmYjczMC1lY2FhLTExZTYtOGY4OC0zNDM2M2JjN2M0YzAiOnsiY3JlYXRlIjozNjAwMDAwMDAwMDAwLCJkZWxldGUiOjM2MDAwMDAwMDAwMDAsInJlYWQiOjMwMDAwMDAwMDAwMCwidXBkYXRlIjozNjAwMDAwMDAwMDAwfX0=",
          "dependencies": [
            "module.azure_networking.data.azurerm_private_dns_zone.dns_kv",
            "module.azure_networking.data.azurerm_resource_group.rg_networking",
            "module.azure_networking.data.azurerm_subnet.sbnet_kv",
            "module.azure_networking.data.azurerm_virtual_network.vnet",
            "module.ml_key_vault.azurerm_key_vault.kv",
            "module.resource_group.azurerm_resource_group.rg"
          ]
        }
      ]
    },
    {
      "module": "module.machine_learning_stac",
      "mode": "managed",
      "type": "azurerm_storage_account",
      "name": "stac",
      "provider": "provider[\"registry.terraform.io/hashicorp/azurerm\"]",
      "instances": [
        {
          "schema_version": 4,
          "attributes": {
            "access_tier": "Hot",
            "account_kind": "StorageV2",
            "account_replication_type": "LRS",
            "account_tier": "Standard",
            "allow_nested_items_to_be_public": true,
            "allowed_copy_scope": "",
            "azure_files_authentication": [],
            "blob_properties": [
              {
                "change_feed_enabled": false,
                "change_feed_retention_in_days": 0,
                "container_delete_retention_policy": [],
                "cors_rule": [
                  {
                    "allowed_headers": [
                      "*"
                    ],
                    "allowed_methods": [
                      "GET",
                      "HEAD",
                      "PUT",
                      "DELETE",
                      "OPTIONS",
                      "POST",
                      "PATCH"
                    ],
                    "allowed_origins": [
                      "https://mlworkspace.azure.ai",
                      "https://ml.azure.com",
                      "https://*.ml.azure.com",
                      "https://ai.azure.com",
                      "https://*.ai.azure.com"
                    ],
                    "exposed_headers": [
                      "*"
                    ],
                    "max_age_in_seconds": 1800
                  }
                ],
                "default_service_version": "",
                "delete_retention_policy": [],
                "last_access_time_enabled": false,
                "restore_policy": [],
                "versioning_enabled": false
              }
            ],
            "cross_tenant_replication_enabled": true,
            "custom_domain": [],
            "customer_managed_key": [],
            "default_to_oauth_authentication": false,
            "dns_endpoint_type": "Standard",
            "edge_zone": "",
            "enable_https_traffic_only": true,
            "https_traffic_only_enabled": true,
            "id": "/subscriptions/d92c9bc4-d242-48e1-a224-9b9c93d46134/resourceGroups/az-sc-qa-rg-mari-001/providers/Microsoft.Storage/storageAccounts/azscqastacmlwmari001",
            "identity": [],
            "immutability_policy": [],
            "infrastructure_encryption_enabled": false,
            "is_hns_enabled": false,
            "large_file_share_enabled": false,
            "local_user_enabled": true,
            "location": "eastus2",
            "min_tls_version": "TLS1_2",
            "name": "azscqastacmlwmari001",
            "network_rules": [
              {
                "bypass": [
                  "AzureServices"
                ],
                "default_action": "Deny",
                "ip_rules": [],
                "private_link_access": [],
                "virtual_network_subnet_ids": [
                  "/subscriptions/d92c9bc4-d242-48e1-a224-9b9c93d46134/resourceGroups/az-sc-dev-rg-networking-000/providers/Microsoft.Network/virtualNetworks/az-sc-qa-vnet-000/subnets/az-sc-qa-snet-stac-000"
                ]
              }
            ],
            "nfsv3_enabled": false,
            "primary_access_key": "hBfFiG9KzNjFn1TKWpkhPHWputchZw/y7d4v5sVS0bdNIUfYj1AWCZ0+Y+aP80k7gepmqskv+oad+AStkl9imw==",
            "primary_blob_connection_string": "DefaultEndpointsProtocol=https;BlobEndpoint=https://azscqastacmlwmari001.blob.core.windows.net/;AccountName=azscqastacmlwmari001;AccountKey=hBfFiG9KzNjFn1TKWpkhPHWputchZw/y7d4v5sVS0bdNIUfYj1AWCZ0+Y+aP80k7gepmqskv+oad+AStkl9imw==",
            "primary_blob_endpoint": "https://azscqastacmlwmari001.blob.core.windows.net/",
            "primary_blob_host": "azscqastacmlwmari001.blob.core.windows.net",
            "primary_blob_internet_endpoint": "",
            "primary_blob_internet_host": "",
            "primary_blob_microsoft_endpoint": "",
            "primary_blob_microsoft_host": "",
            "primary_connection_string": "DefaultEndpointsProtocol=https;AccountName=azscqastacmlwmari001;AccountKey=hBfFiG9KzNjFn1TKWpkhPHWputchZw/y7d4v5sVS0bdNIUfYj1AWCZ0+Y+aP80k7gepmqskv+oad+AStkl9imw==;EndpointSuffix=core.windows.net",
            "primary_dfs_endpoint": "https://azscqastacmlwmari001.dfs.core.windows.net/",
            "primary_dfs_host": "azscqastacmlwmari001.dfs.core.windows.net",
            "primary_dfs_internet_endpoint": "",
            "primary_dfs_internet_host": "",
            "primary_dfs_microsoft_endpoint": "",
            "primary_dfs_microsoft_host": "",
            "primary_file_endpoint": "https://azscqastacmlwmari001.file.core.windows.net/",
            "primary_file_host": "azscqastacmlwmari001.file.core.windows.net",
            "primary_file_internet_endpoint": "",
            "primary_file_internet_host": "",
            "primary_file_microsoft_endpoint": "",
            "primary_file_microsoft_host": "",
            "primary_location": "eastus2",
            "primary_queue_endpoint": "https://azscqastacmlwmari001.queue.core.windows.net/",
            "primary_queue_host": "azscqastacmlwmari001.queue.core.windows.net",
            "primary_queue_microsoft_endpoint": "",
            "primary_queue_microsoft_host": "",
            "primary_table_endpoint": "https://azscqastacmlwmari001.table.core.windows.net/",
            "primary_table_host": "azscqastacmlwmari001.table.core.windows.net",
            "primary_table_microsoft_endpoint": "",
            "primary_table_microsoft_host": "",
            "primary_web_endpoint": "https://azscqastacmlwmari001.z20.web.core.windows.net/",
            "primary_web_host": "azscqastacmlwmari001.z20.web.core.windows.net",
            "primary_web_internet_endpoint": "",
            "primary_web_internet_host": "",
            "primary_web_microsoft_endpoint": "",
            "primary_web_microsoft_host": "",
            "public_network_access_enabled": true,
            "queue_encryption_key_type": "Service",
            "queue_properties": [
              {
                "cors_rule": [],
                "hour_metrics": [
                  {
                    "enabled": true,
                    "include_apis": true,
                    "retention_policy_days": 7,
                    "version": "1.0"
                  }
                ],
                "logging": [
                  {
                    "delete": false,
                    "read": false,
                    "retention_policy_days": 0,
                    "version": "1.0",
                    "write": false
                  }
                ],
                "minute_metrics": [
                  {
                    "enabled": false,
                    "include_apis": false,
                    "retention_policy_days": 0,
                    "version": "1.0"
                  }
                ]
              }
            ],
            "resource_group_name": "az-sc-qa-rg-mari-001",
            "routing": [],
            "sas_policy": [],
            "secondary_access_key": "pTVuFA/d76DbBZBqizDf1i5vZK9HjN9Jet28prQ5UejbRrnctiUVMCiwmGzgKae6TavD/VsfH0xi+AStmJMsNg==",
            "secondary_blob_connection_string": "",
            "secondary_blob_endpoint": "",
            "secondary_blob_host": "",
            "secondary_blob_internet_endpoint": "",
            "secondary_blob_internet_host": "",
            "secondary_blob_microsoft_endpoint": "",
            "secondary_blob_microsoft_host": "",
            "secondary_connection_string": "DefaultEndpointsProtocol=https;AccountName=azscqastacmlwmari001;AccountKey=pTVuFA/d76DbBZBqizDf1i5vZK9HjN9Jet28prQ5UejbRrnctiUVMCiwmGzgKae6TavD/VsfH0xi+AStmJMsNg==;EndpointSuffix=core.windows.net",
            "secondary_dfs_endpoint": "",
            "secondary_dfs_host": "",
            "secondary_dfs_internet_endpoint": "",
            "secondary_dfs_internet_host": "",
            "secondary_dfs_microsoft_endpoint": "",
            "secondary_dfs_microsoft_host": "",
            "secondary_file_endpoint": "",
            "secondary_file_host": "",
            "secondary_file_internet_endpoint": "",
            "secondary_file_internet_host": "",
            "secondary_file_microsoft_endpoint": "",
            "secondary_file_microsoft_host": "",
            "secondary_location": "",
            "secondary_queue_endpoint": "",
            "secondary_queue_host": "",
            "secondary_queue_microsoft_endpoint": "",
            "secondary_queue_microsoft_host": "",
            "secondary_table_endpoint": "",
            "secondary_table_host": "",
            "secondary_table_microsoft_endpoint": "",
            "secondary_table_microsoft_host": "",
            "secondary_web_endpoint": "",
            "secondary_web_host": "",
            "secondary_web_internet_endpoint": "",
            "secondary_web_internet_host": "",
            "secondary_web_microsoft_endpoint": "",
            "secondary_web_microsoft_host": "",
            "sftp_enabled": false,
            "share_properties": [
              {
                "cors_rule": [
                  {
                    "allowed_headers": [
                      "*"
                    ],
                    "allowed_methods": [
                      "GET",
                      "HEAD",
                      "PUT",
                      "DELETE",
                      "OPTIONS",
                      "POST"
                    ],
                    "allowed_origins": [
                      "https://mlworkspace.azure.ai",
                      "https://ml.azure.com",
                      "https://*.ml.azure.com",
                      "https://ai.azure.com",
                      "https://*.ai.azure.com"
                    ],
                    "exposed_headers": [
                      "*"
                    ],
                    "max_age_in_seconds": 1800
                  }
                ],
                "retention_policy": [
                  {
                    "days": 7
                  }
                ],
                "smb": []
              }
            ],
            "shared_access_key_enabled": true,
            "static_website": [],
            "table_encryption_key_type": "Service",
            "tags": {
              "environment": "qa"
            },
            "timeouts": null
          },
          "sensitive_attributes": [],
          "private": "eyJlMmJmYjczMC1lY2FhLTExZTYtOGY4OC0zNDM2M2JjN2M0YzAiOnsiY3JlYXRlIjozNjAwMDAwMDAwMDAwLCJkZWxldGUiOjM2MDAwMDAwMDAwMDAsInJlYWQiOjMwMDAwMDAwMDAwMCwidXBkYXRlIjozNjAwMDAwMDAwMDAwfSwic2NoZW1hX3ZlcnNpb24iOiI0In0=",
          "dependencies": [
            "module.resource_group.azurerm_resource_group.rg"
          ]
        }
      ]
    },
    {
      "module": "module.machine_learning_workspace",
      "mode": "managed",
      "type": "azurerm_machine_learning_workspace",
      "name": "mlw",
      "provider": "provider[\"registry.terraform.io/hashicorp/azurerm\"]",
      "instances": [
        {
          "schema_version": 0,
          "attributes": {
            "application_insights_id": "/subscriptions/d92c9bc4-d242-48e1-a224-9b9c93d46134/resourceGroups/az-sc-qa-rg-mari-001/providers/Microsoft.Insights/components/az-sc-qa-appi-mari-000",
            "container_registry_id": "",
            "description": "",
            "discovery_url": "https://453fc34f-f0b9-49f1-82e8-4daaaa7788da.workspace.eastus2.api.azureml.ms/discovery/workspaces/453fc34f-f0b9-49f1-82e8-4daaaa7788da",
            "encryption": [],
            "feature_store": [],
            "friendly_name": "",
            "high_business_impact": false,
            "id": "/subscriptions/d92c9bc4-d242-48e1-a224-9b9c93d46134/resourceGroups/az-sc-qa-rg-mari-001/providers/Microsoft.MachineLearningServices/workspaces/az-sc-qa-mlw-mari-000",
            "identity": [
              {
                "identity_ids": [],
                "principal_id": "11dd7b29-353f-4f3c-a834-ba4f259c06f9",
                "tenant_id": "a0e552ce-907e-4910-91e0-dc3bf25800bd",
                "type": "SystemAssigned"
              }
            ],
            "image_build_compute_name": "",
            "key_vault_id": "/subscriptions/d92c9bc4-d242-48e1-a224-9b9c93d46134/resourceGroups/az-sc-qa-rg-mari-001/providers/Microsoft.KeyVault/vaults/az-sc-qa-kv-mlw-mari-000",
            "kind": "Default",
            "location": "eastus2",
            "managed_network": [
              {
                "isolation_mode": "Disabled"
              }
            ],
            "name": "az-sc-qa-mlw-mari-000",
            "primary_user_assigned_identity": "",
            "public_access_behind_virtual_network_enabled": false,
            "public_network_access_enabled": false,
            "resource_group_name": "az-sc-qa-rg-mari-001",
            "serverless_compute": [],
            "sku_name": "Basic",
            "storage_account_id": "/subscriptions/d92c9bc4-d242-48e1-a224-9b9c93d46134/resourceGroups/az-sc-qa-rg-mari-001/providers/Microsoft.Storage/storageAccounts/azscqastacmlwmari001",
            "tags": {},
            "timeouts": null,
            "v1_legacy_mode_enabled": false,
            "workspace_id": "453fc34f-f0b9-49f1-82e8-4daaaa7788da"
          },
          "sensitive_attributes": [],
          "private": "eyJlMmJmYjczMC1lY2FhLTExZTYtOGY4OC0zNDM2M2JjN2M0YzAiOnsiY3JlYXRlIjoxODAwMDAwMDAwMDAwLCJkZWxldGUiOjE4MDAwMDAwMDAwMDAsInJlYWQiOjMwMDAwMDAwMDAwMCwidXBkYXRlIjoxODAwMDAwMDAwMDAwfX0=",
          "dependencies": [
            "module.azure_networking.data.azurerm_resource_group.rg_networking",
            "module.azure_networking.data.azurerm_subnet.sbnet_kv",
            "module.azure_networking.data.azurerm_virtual_network.vnet",
            "module.machine_learning_stac.azurerm_storage_account.stac",
            "module.ml_application_insights.azurerm_application_insights.appinsight",
            "module.ml_key_vault.azurerm_key_vault.kv",
            "module.resource_group.azurerm_resource_group.rg"
          ]
        }
      ]
    },
    {
      "module": "module.ml_application_insights",
      "mode": "managed",
      "type": "azurerm_application_insights",
      "name": "appinsight",
      "provider": "provider[\"registry.terraform.io/hashicorp/azurerm\"]",
      "instances": [
        {
          "schema_version": 2,
          "attributes": {
            "app_id": "64fafc58-cddd-4088-848e-6e73f50328c6",
            "application_type": "web",
            "connection_string": "InstrumentationKey=a45562f5-11fd-4e40-b45c-3dc076e7aebd;IngestionEndpoint=https://eastus2-4.in.applicationinsights.azure.com/;LiveEndpoint=https://eastus2.livediagnostics.monitor.azure.com/;ApplicationId=64fafc58-cddd-4088-848e-6e73f50328c6",
            "daily_data_cap_in_gb": 100,
            "daily_data_cap_notifications_disabled": false,
            "disable_ip_masking": false,
            "force_customer_storage_for_profiler": false,
            "id": "/subscriptions/d92c9bc4-d242-48e1-a224-9b9c93d46134/resourceGroups/az-sc-qa-rg-mari-001/providers/Microsoft.Insights/components/az-sc-qa-appi-mari-000",
            "instrumentation_key": "a45562f5-11fd-4e40-b45c-3dc076e7aebd",
            "internet_ingestion_enabled": true,
            "internet_query_enabled": true,
            "local_authentication_disabled": false,
            "location": "eastus2",
            "name": "az-sc-qa-appi-mari-000",
            "resource_group_name": "az-sc-qa-rg-mari-001",
            "retention_in_days": 90,
            "sampling_percentage": 100,
            "tags": {},
            "timeouts": null,
            "workspace_id": ""
          },
          "sensitive_attributes": [],
          "private": "eyJlMmJmYjczMC1lY2FhLTExZTYtOGY4OC0zNDM2M2JjN2M0YzAiOnsiY3JlYXRlIjozNjAwMDAwMDAwMDAwLCJkZWxldGUiOjE4MDAwMDAwMDAwMDAsInJlYWQiOjMwMDAwMDAwMDAwMCwidXBkYXRlIjoxODAwMDAwMDAwMDAwfSwic2NoZW1hX3ZlcnNpb24iOiIyIn0=",
          "dependencies": [
            "module.resource_group.azurerm_resource_group.rg"
          ]
        }
      ]
    },
    {
      "module": "module.ml_application_insights_api_key",
      "mode": "managed",
      "type": "azurerm_application_insights_api_key",
      "name": "appinsight_api_key",
      "provider": "provider[\"registry.terraform.io/hashicorp/azurerm\"]",
      "instances": [
        {
          "schema_version": 2,
          "attributes": {
            "api_key": "trqz16uzkf5evp6faubpndvz2tb2dgnvi72i6agy",
            "application_insights_id": "/subscriptions/d92c9bc4-d242-48e1-a224-9b9c93d46134/resourceGroups/az-sc-qa-rg-mari-001/providers/Microsoft.Insights/components/az-sc-qa-appi-mari-000",
            "id": "/subscriptions/d92c9bc4-d242-48e1-a224-9b9c93d46134/resourceGroups/az-sc-qa-rg-mari-001/providers/Microsoft.Insights/components/az-sc-qa-appi-mari-000/apiKeys/da46a857-8427-4a3e-9790-2910ccfb0eb7",
            "name": "az-sc-qa-appi-key-mari-000",
            "read_permissions": [
              "aggregate",
              "api",
              "draft",
              "extendqueries",
              "search"
            ],
            "timeouts": null,
            "write_permissions": []
          },
          "sensitive_attributes": [],
          "private": "eyJlMmJmYjczMC1lY2FhLTExZTYtOGY4OC0zNDM2M2JjN2M0YzAiOnsiY3JlYXRlIjoxODAwMDAwMDAwMDAwLCJkZWxldGUiOjE4MDAwMDAwMDAwMDAsInJlYWQiOjMwMDAwMDAwMDAwMH0sInNjaGVtYV92ZXJzaW9uIjoiMiJ9",
          "dependencies": [
            "module.ml_application_insights.azurerm_application_insights.appinsight",
            "module.resource_group.azurerm_resource_group.rg"
          ]
        }
      ]
    },
    {
      "module": "module.ml_key_vault",
      "mode": "managed",
      "type": "azurerm_key_vault",
      "name": "kv",
      "provider": "provider[\"registry.terraform.io/hashicorp/azurerm\"]",
      "instances": [
        {
          "schema_version": 2,
          "attributes": {
            "access_policy": [
              {
                "application_id": "",
                "certificate_permissions": [
                  "all"
                ],
                "key_permissions": [
                  "all"
                ],
                "object_id": "11dd7b29-353f-4f3c-a834-ba4f259c06f9",
                "secret_permissions": [
                  "all"
                ],
                "storage_permissions": [],
                "tenant_id": "a0e552ce-907e-4910-91e0-dc3bf25800bd"
              }
            ],
            "contact": [],
            "enable_rbac_authorization": false,
            "enabled_for_deployment": false,
            "enabled_for_disk_encryption": false,
            "enabled_for_template_deployment": false,
            "id": "/subscriptions/d92c9bc4-d242-48e1-a224-9b9c93d46134/resourceGroups/az-sc-qa-rg-mari-001/providers/Microsoft.KeyVault/vaults/az-sc-qa-kv-mlw-mari-000",
            "location": "eastus2",
            "name": "az-sc-qa-kv-mlw-mari-000",
            "network_acls": [
              {
                "bypass": "AzureServices",
                "default_action": "Deny",
                "ip_rules": [],
                "virtual_network_subnet_ids": [
                  "/subscriptions/d92c9bc4-d242-48e1-a224-9b9c93d46134/resourceGroups/az-sc-dev-rg-networking-000/providers/Microsoft.Network/virtualNetworks/az-sc-qa-vnet-000/subnets/az-sc-qa-snet-kv-000"
                ]
              }
            ],
            "public_network_access_enabled": true,
            "purge_protection_enabled": false,
            "resource_group_name": "az-sc-qa-rg-mari-001",
            "sku_name": "standard",
            "soft_delete_retention_days": 90,
            "tags": {},
            "tenant_id": "a0e552ce-907e-4910-91e0-dc3bf25800bd",
            "timeouts": null,
            "vault_uri": "https://az-sc-qa-kv-mlw-mari-000.vault.azure.net/"
          },
          "sensitive_attributes": [],
          "private": "eyJlMmJmYjczMC1lY2FhLTExZTYtOGY4OC0zNDM2M2JjN2M0YzAiOnsiY3JlYXRlIjoxODAwMDAwMDAwMDAwLCJkZWxldGUiOjE4MDAwMDAwMDAwMDAsInJlYWQiOjMwMDAwMDAwMDAwMCwidXBkYXRlIjoxODAwMDAwMDAwMDAwfSwic2NoZW1hX3ZlcnNpb24iOiIyIn0=",
          "dependencies": [
            "module.azure_networking.data.azurerm_resource_group.rg_networking",
            "module.azure_networking.data.azurerm_subnet.sbnet_kv",
            "module.azure_networking.data.azurerm_virtual_network.vnet",
            "module.resource_group.azurerm_resource_group.rg"
          ]
        }
      ]
    },
    {
      "module": "module.ml_stac_network_rules",
      "mode": "managed",
      "type": "azurerm_storage_account_network_rules",
      "name": "stnetrules",
      "provider": "provider[\"registry.terraform.io/hashicorp/azurerm\"]",
      "instances": [
        {
          "schema_version": 0,
          "attributes": {
            "bypass": [
              "AzureServices"
            ],
            "default_action": "Deny",
            "id": "/subscriptions/d92c9bc4-d242-48e1-a224-9b9c93d46134/resourceGroups/az-sc-qa-rg-mari-001/providers/Microsoft.Storage/storageAccounts/azscqastacmlwmari001",
            "ip_rules": [],
            "private_link_access": [],
            "storage_account_id": "/subscriptions/d92c9bc4-d242-48e1-a224-9b9c93d46134/resourceGroups/az-sc-qa-rg-mari-001/providers/Microsoft.Storage/storageAccounts/azscqastacmlwmari001",
            "timeouts": null,
            "virtual_network_subnet_ids": [
              "/subscriptions/d92c9bc4-d242-48e1-a224-9b9c93d46134/resourceGroups/az-sc-dev-rg-networking-000/providers/Microsoft.Network/virtualNetworks/az-sc-qa-vnet-000/subnets/az-sc-qa-snet-stac-000"
            ]
          },
          "sensitive_attributes": [],
          "private": "eyJlMmJmYjczMC1lY2FhLTExZTYtOGY4OC0zNDM2M2JjN2M0YzAiOnsiY3JlYXRlIjozNjAwMDAwMDAwMDAwLCJkZWxldGUiOjM2MDAwMDAwMDAwMDAsInJlYWQiOjMwMDAwMDAwMDAwMCwidXBkYXRlIjozNjAwMDAwMDAwMDAwfX0=",
          "dependencies": [
            "module.azure_networking.data.azurerm_resource_group.rg_networking",
            "module.azure_networking.data.azurerm_subnet.sbnet_stac",
            "module.azure_networking.data.azurerm_virtual_network.vnet",
            "module.machine_learning_stac.azurerm_storage_account.stac",
            "module.resource_group.azurerm_resource_group.rg"
          ]
        }
      ]
    },
    {
      "module": "module.ml_stac_private_endpoint",
      "mode": "managed",
      "type": "azurerm_private_endpoint",
      "name": "pe",
      "provider": "provider[\"registry.terraform.io/hashicorp/azurerm\"]",
      "instances": [
        {
          "schema_version": 0,
          "attributes": {
            "custom_dns_configs": [],
            "custom_network_interface_name": "",
            "id": "/subscriptions/d92c9bc4-d242-48e1-a224-9b9c93d46134/resourceGroups/az-sc-qa-rg-mari-001/providers/Microsoft.Network/privateEndpoints/az-sc-qa-pep-stac-mlw-mari-000",
            "ip_configuration": [],
            "location": "eastus2",
            "name": "az-sc-qa-pep-stac-mlw-mari-000",
            "network_interface": [
              {
                "id": "/subscriptions/d92c9bc4-d242-48e1-a224-9b9c93d46134/resourceGroups/az-sc-qa-rg-mari-001/providers/Microsoft.Network/networkInterfaces/az-sc-qa-pep-stac-mlw-mari-000.nic.c5a3234f-fb42-49bd-8d78-319dc9e18c31",
                "name": "az-sc-qa-pep-stac-mlw-mari-000.nic.c5a3234f-fb42-49bd-8d78-319dc9e18c31"
              }
            ],
            "private_dns_zone_configs": [
              {
                "id": "/subscriptions/d92c9bc4-d242-48e1-a224-9b9c93d46134/resourceGroups/az-sc-qa-rg-mari-001/providers/Microsoft.Network/privateEndpoints/az-sc-qa-pep-stac-mlw-mari-000/privateDnsZoneGroups/az-trv-hubdev-rg-networking-001/privateDnsZoneConfigs/privatelink.blob.core.windows.net",
                "name": "privatelink.blob.core.windows.net",
                "private_dns_zone_id": "/subscriptions/182e84ac-5f70-47e9-a016-6b2b91ce994d/resourceGroups/az-trv-hubdev-rg-networking-001/providers/Microsoft.Network/privateDnsZones/privatelink.blob.core.windows.net",
                "record_sets": [
                  {
                    "fqdn": "azscqastacmlwmari001.privatelink.blob.core.windows.net",
                    "ip_addresses": [
                      "172.26.40.70"
                    ],
                    "name": "azscqastacmlwmari001",
                    "ttl": 10,
                    "type": "A"
                  }
                ]
              }
            ],
            "private_dns_zone_group": [
              {
                "id": "/subscriptions/d92c9bc4-d242-48e1-a224-9b9c93d46134/resourceGroups/az-sc-qa-rg-mari-001/providers/Microsoft.Network/privateEndpoints/az-sc-qa-pep-stac-mlw-mari-000/privateDnsZoneGroups/az-trv-hubdev-rg-networking-001",
                "name": "az-trv-hubdev-rg-networking-001",
                "private_dns_zone_ids": [
                  "/subscriptions/182e84ac-5f70-47e9-a016-6b2b91ce994d/resourceGroups/az-trv-hubdev-rg-networking-001/providers/Microsoft.Network/privateDnsZones/privatelink.blob.core.windows.net"
                ]
              }
            ],
            "private_service_connection": [
              {
                "is_manual_connection": false,
                "name": "az-sc-qa-psc-stac-mlw-mari-000",
                "private_connection_resource_alias": "",
                "private_connection_resource_id": "/subscriptions/d92c9bc4-d242-48e1-a224-9b9c93d46134/resourceGroups/az-sc-qa-rg-mari-001/providers/Microsoft.Storage/storageAccounts/azscqastacmlwmari001",
                "private_ip_address": "172.26.40.70",
                "request_message": "",
                "subresource_names": [
                  "blob"
                ]
              }
            ],
            "resource_group_name": "az-sc-qa-rg-mari-001",
            "subnet_id": "/subscriptions/d92c9bc4-d242-48e1-a224-9b9c93d46134/resourceGroups/az-sc-dev-rg-networking-000/providers/Microsoft.Network/virtualNetworks/az-sc-qa-vnet-000/subnets/az-sc-qa-snet-stac-000",
            "tags": {},
            "timeouts": null
          },
          "sensitive_attributes": [],
          "private": "eyJlMmJmYjczMC1lY2FhLTExZTYtOGY4OC0zNDM2M2JjN2M0YzAiOnsiY3JlYXRlIjozNjAwMDAwMDAwMDAwLCJkZWxldGUiOjM2MDAwMDAwMDAwMDAsInJlYWQiOjMwMDAwMDAwMDAwMCwidXBkYXRlIjozNjAwMDAwMDAwMDAwfX0=",
          "dependencies": [
            "module.azure_networking.data.azurerm_private_dns_zone.dns_stac_blob",
            "module.azure_networking.data.azurerm_resource_group.rg_networking",
            "module.azure_networking.data.azurerm_subnet.sbnet_stac",
            "module.azure_networking.data.azurerm_virtual_network.vnet",
            "module.machine_learning_stac.azurerm_storage_account.stac",
            "module.resource_group.azurerm_resource_group.rg"
          ]
        }
      ]
    },
    {
      "module": "module.mlw_private_endpoint",
      "mode": "managed",
      "type": "azurerm_private_endpoint",
      "name": "pe",
      "provider": "provider[\"registry.terraform.io/hashicorp/azurerm\"]",
      "instances": [
        {
          "schema_version": 0,
          "attributes": {
            "custom_dns_configs": [],
            "custom_network_interface_name": "",
            "id": "/subscriptions/d92c9bc4-d242-48e1-a224-9b9c93d46134/resourceGroups/az-sc-qa-rg-mari-001/providers/Microsoft.Network/privateEndpoints/az-sc-qa-pep-mlw-mari-000",
            "ip_configuration": [],
            "location": "eastus2",
            "name": "az-sc-qa-pep-mlw-mari-000",
            "network_interface": [
              {
                "id": "/subscriptions/d92c9bc4-d242-48e1-a224-9b9c93d46134/resourceGroups/az-sc-qa-rg-mari-001/providers/Microsoft.Network/networkInterfaces/az-sc-qa-pep-mlw-mari-000.nic.e3176b6b-3448-410a-ac75-ac10a6953ac3",
                "name": "az-sc-qa-pep-mlw-mari-000.nic.e3176b6b-3448-410a-ac75-ac10a6953ac3"
              }
            ],
            "private_dns_zone_configs": [
              {
                "id": "/subscriptions/d92c9bc4-d242-48e1-a224-9b9c93d46134/resourceGroups/az-sc-qa-rg-mari-001/providers/Microsoft.Network/privateEndpoints/az-sc-qa-pep-mlw-mari-000/privateDnsZoneGroups/az-trv-hubdev-rg-networking-001/privateDnsZoneConfigs/privatelink.notebooks.azure.net",
                "name": "privatelink.notebooks.azure.net",
                "private_dns_zone_id": "/subscriptions/182e84ac-5f70-47e9-a016-6b2b91ce994d/resourceGroups/az-trv-hubdev-rg-networking-001/providers/Microsoft.Network/privateDnsZones/privatelink.notebooks.azure.net",
                "record_sets": [
                  {
                    "fqdn": "ml-az-sc-qa-mlw-ma-eastus2-453fc34f-f0b9-49f1-82e8-4daaaa7788da.eastus2.privatelink.notebooks.azure.net",
                    "ip_addresses": [
                      "172.26.41.23"
                    ],
                    "name": "ml-az-sc-qa-mlw-ma-eastus2-453fc34f-f0b9-49f1-82e8-4daaaa7788da.eastus2",
                    "ttl": 10,
                    "type": "A"
                  }
                ]
              },
              {
                "id": "/subscriptions/d92c9bc4-d242-48e1-a224-9b9c93d46134/resourceGroups/az-sc-qa-rg-mari-001/providers/Microsoft.Network/privateEndpoints/az-sc-qa-pep-mlw-mari-000/privateDnsZoneGroups/az-trv-hubdev-rg-networking-001/privateDnsZoneConfigs/privatelink.api.azureml.ms",
                "name": "privatelink.api.azureml.ms",
                "private_dns_zone_id": "/subscriptions/182e84ac-5f70-47e9-a016-6b2b91ce994d/resourceGroups/az-trv-hubdev-rg-networking-001/providers/Microsoft.Network/privateDnsZones/privatelink.api.azureml.ms",
                "record_sets": [
                  {
                    "fqdn": "453fc34f-f0b9-49f1-82e8-4daaaa7788da.workspace.eastus2.privatelink.api.azureml.ms",
                    "ip_addresses": [
                      "172.26.41.22"
                    ],
                    "name": "453fc34f-f0b9-49f1-82e8-4daaaa7788da.workspace.eastus2",
                    "ttl": 10,
                    "type": "A"
                  },
                  {
                    "fqdn": "453fc34f-f0b9-49f1-82e8-4daaaa7788da.workspace.eastus2.cert.privatelink.api.azureml.ms",
                    "ip_addresses": [
                      "172.26.41.22"
                    ],
                    "name": "453fc34f-f0b9-49f1-82e8-4daaaa7788da.workspace.eastus2.cert",
                    "ttl": 10,
                    "type": "A"
                  },
                  {
                    "fqdn": "*.453fc34f-f0b9-49f1-82e8-4daaaa7788da.inference.eastus2.privatelink.api.azureml.ms",
                    "ip_addresses": [
                      "172.26.41.24"
                    ],
                    "name": "*.453fc34f-f0b9-49f1-82e8-4daaaa7788da.inference.eastus2",
                    "ttl": 10,
                    "type": "A"
                  },
                  {
                    "fqdn": "*.453fc34f-f0b9-49f1-82e8-4daaaa7788da.models.eastus2.privatelink.api.azureml.ms",
                    "ip_addresses": [
                      "172.26.41.25"
                    ],
                    "name": "*.453fc34f-f0b9-49f1-82e8-4daaaa7788da.models.eastus2",
                    "ttl": 10,
                    "type": "A"
                  }
                ]
              }
            ],
            "private_dns_zone_group": [
              {
                "id": "/subscriptions/d92c9bc4-d242-48e1-a224-9b9c93d46134/resourceGroups/az-sc-qa-rg-mari-001/providers/Microsoft.Network/privateEndpoints/az-sc-qa-pep-mlw-mari-000/privateDnsZoneGroups/az-trv-hubdev-rg-networking-001",
                "name": "az-trv-hubdev-rg-networking-001",
                "private_dns_zone_ids": [
                  "/subscriptions/182e84ac-5f70-47e9-a016-6b2b91ce994d/resourceGroups/az-trv-hubdev-rg-networking-001/providers/Microsoft.Network/privateDnsZones/privatelink.notebooks.azure.net",
                  "/subscriptions/182e84ac-5f70-47e9-a016-6b2b91ce994d/resourceGroups/az-trv-hubdev-rg-networking-001/providers/Microsoft.Network/privateDnsZones/privatelink.api.azureml.ms"
                ]
              }
            ],
            "private_service_connection": [
              {
                "is_manual_connection": false,
                "name": "az-sc-qa-psc-mlw-mari-000",
                "private_connection_resource_alias": "",
                "private_connection_resource_id": "/subscriptions/d92c9bc4-d242-48e1-a224-9b9c93d46134/resourceGroups/az-sc-qa-rg-mari-001/providers/Microsoft.MachineLearningServices/workspaces/az-sc-qa-mlw-mari-000",
                "private_ip_address": "172.26.41.22",
                "request_message": "",
                "subresource_names": [
                  "amlworkspace"
                ]
              }
            ],
            "resource_group_name": "az-sc-qa-rg-mari-001",
            "subnet_id": "/subscriptions/d92c9bc4-d242-48e1-a224-9b9c93d46134/resourceGroups/az-sc-dev-rg-networking-000/providers/Microsoft.Network/virtualNetworks/az-sc-qa-vnet-000/subnets/az-sc-qa-snet-kv-000",
            "tags": {},
            "timeouts": null
          },
          "sensitive_attributes": [],
          "private": "eyJlMmJmYjczMC1lY2FhLTExZTYtOGY4OC0zNDM2M2JjN2M0YzAiOnsiY3JlYXRlIjozNjAwMDAwMDAwMDAwLCJkZWxldGUiOjM2MDAwMDAwMDAwMDAsInJlYWQiOjMwMDAwMDAwMDAwMCwidXBkYXRlIjozNjAwMDAwMDAwMDAwfX0=",
          "dependencies": [
            "module.azure_networking.data.azurerm_private_dns_zone.dns_mlw_api",
            "module.azure_networking.data.azurerm_private_dns_zone.dns_mlw_notebooks",
            "module.azure_networking.data.azurerm_resource_group.rg_networking",
            "module.azure_networking.data.azurerm_subnet.sbnet_kv",
            "module.azure_networking.data.azurerm_virtual_network.vnet",
            "module.machine_learning_stac.azurerm_storage_account.stac",
            "module.machine_learning_workspace.azurerm_machine_learning_workspace.mlw",
            "module.ml_application_insights.azurerm_application_insights.appinsight",
            "module.ml_key_vault.azurerm_key_vault.kv",
            "module.resource_group.azurerm_resource_group.rg"
          ]
        }
      ]
    },
    {
      "module": "module.mssql_database",
      "mode": "managed",
      "type": "azurerm_mssql_database",
      "name": "sqldb",
      "provider": "provider[\"registry.terraform.io/hashicorp/azurerm\"]",
      "instances": [
        {
          "schema_version": 1,
          "attributes": {
            "auto_pause_delay_in_minutes": 0,
            "collation": "SQL_Latin1_General_CP1_CI_AS",
            "create_mode": "Default",
            "creation_source_database_id": null,
            "elastic_pool_id": "",
            "enclave_type": "",
            "geo_backup_enabled": true,
            "id": "/subscriptions/d92c9bc4-d242-48e1-a224-9b9c93d46134/resourceGroups/az-sc-qa-rg-mari-001/providers/Microsoft.Sql/servers/az-sc-qa-sql-mari-000/databases/az-sc-qa-sqldb-mari-000",
            "identity": [],
            "import": [],
            "ledger_enabled": false,
            "license_type": "",
            "long_term_retention_policy": [
              {
                "immutable_backups_enabled": false,
                "monthly_retention": "PT0S",
                "week_of_year": 1,
                "weekly_retention": "PT0S",
                "yearly_retention": "PT0S"
              }
            ],
            "maintenance_configuration_name": "SQL_Default",
            "max_size_gb": 250,
            "min_capacity": 0,
            "name": "az-sc-qa-sqldb-mari-000",
            "read_replica_count": 0,
            "read_scale": false,
            "recover_database_id": null,
            "recovery_point_id": null,
            "restore_dropped_database_id": null,
            "restore_long_term_retention_backup_id": null,
            "restore_point_in_time": null,
            "sample_name": null,
            "secondary_type": "",
            "server_id": "/subscriptions/d92c9bc4-d242-48e1-a224-9b9c93d46134/resourceGroups/az-sc-qa-rg-mari-001/providers/Microsoft.Sql/servers/az-sc-qa-sql-mari-000",
            "short_term_retention_policy": [
              {
                "backup_interval_in_hours": 24,
                "retention_days": 7
              }
            ],
            "sku_name": "S1",
            "storage_account_type": "Geo",
            "tags": {},
            "threat_detection_policy": [
              {
                "disabled_alerts": [],
                "email_account_admins": "Disabled",
                "email_addresses": [],
                "retention_days": 0,
                "state": "Disabled",
                "storage_account_access_key": "",
                "storage_endpoint": ""
              }
            ],
            "timeouts": null,
            "transparent_data_encryption_enabled": true,
            "transparent_data_encryption_key_automatic_rotation_enabled": false,
            "transparent_data_encryption_key_vault_key_id": "",
            "zone_redundant": false
          },
          "sensitive_attributes": [],
          "private": "eyJlMmJmYjczMC1lY2FhLTExZTYtOGY4OC0zNDM2M2JjN2M0YzAiOnsiY3JlYXRlIjozNjAwMDAwMDAwMDAwLCJkZWxldGUiOjM2MDAwMDAwMDAwMDAsInJlYWQiOjMwMDAwMDAwMDAwMCwidXBkYXRlIjozNjAwMDAwMDAwMDAwfSwic2NoZW1hX3ZlcnNpb24iOiIxIn0=",
          "dependencies": [
            "module.mssql_key_vault.data.azurerm_key_vault.kv_terraform",
            "module.mssql_key_vault.data.azurerm_key_vault_secret.admin_password",
            "module.mssql_key_vault.data.azurerm_key_vault_secret.admin_username",
            "module.mssql_server.azurerm_mssql_server.sqlserver",
            "module.resource_group.azurerm_resource_group.rg"
          ]
        }
      ]
    },
    {
      "module": "module.mssql_key_vault",
      "mode": "data",
      "type": "azurerm_key_vault",
      "name": "kv_terraform",
      "provider": "provider[\"registry.terraform.io/hashicorp/azurerm\"]",
      "instances": [
        {
          "schema_version": 0,
          "attributes": {
            "access_policy": [],
            "enable_rbac_authorization": true,
            "enabled_for_deployment": false,
            "enabled_for_disk_encryption": false,
            "enabled_for_template_deployment": false,
            "id": "/subscriptions/d92c9bc4-d242-48e1-a224-9b9c93d46134/resourceGroups/az-sc-qa-rg-terraform-000/providers/Microsoft.KeyVault/vaults/az-sc-qa-kv-tf-000",
            "location": "eastus2",
            "name": "az-sc-qa-kv-tf-000",
            "network_acls": [],
            "public_network_access_enabled": true,
            "purge_protection_enabled": true,
            "resource_group_name": "az-sc-qa-rg-terraform-000",
            "sku_name": "standard",
            "tags": {},
            "tenant_id": "a0e552ce-907e-4910-91e0-dc3bf25800bd",
            "timeouts": null,
            "vault_uri": "https://az-sc-qa-kv-tf-000.vault.azure.net/"
          },
          "sensitive_attributes": []
        }
      ]
    },
    {
      "module": "module.mssql_key_vault",
      "mode": "data",
      "type": "azurerm_key_vault_secret",
      "name": "admin_password",
      "provider": "provider[\"registry.terraform.io/hashicorp/azurerm\"]",
      "instances": [
        {
          "schema_version": 0,
          "attributes": {
            "content_type": "",
            "expiration_date": null,
            "id": "https://az-sc-qa-kv-tf-000.vault.azure.net/secrets/sql-kv-admin-pass/a2f6d8b659b041ed8d3c00963e4f058e",
            "key_vault_id": "/subscriptions/d92c9bc4-d242-48e1-a224-9b9c93d46134/resourceGroups/az-sc-qa-rg-terraform-000/providers/Microsoft.KeyVault/vaults/az-sc-qa-kv-tf-000",
            "name": "sql-kv-admin-pass",
            "not_before_date": null,
            "resource_id": "/subscriptions/d92c9bc4-d242-48e1-a224-9b9c93d46134/resourceGroups/az-sc-qa-rg-terraform-000/providers/Microsoft.KeyVault/vaults/az-sc-qa-kv-tf-000/secrets/sql-kv-admin-pass/versions/a2f6d8b659b041ed8d3c00963e4f058e",
            "resource_versionless_id": "/subscriptions/d92c9bc4-d242-48e1-a224-9b9c93d46134/resourceGroups/az-sc-qa-rg-terraform-000/providers/Microsoft.KeyVault/vaults/az-sc-qa-kv-tf-000/secrets/sql-kv-admin-pass",
            "tags": {},
            "timeouts": null,
            "value": "6T%4TCeX3%qK",
            "version": "a2f6d8b659b041ed8d3c00963e4f058e",
            "versionless_id": "https://az-sc-qa-kv-tf-000.vault.azure.net/secrets/sql-kv-admin-pass"
          },
          "sensitive_attributes": []
        }
      ]
    },
    {
      "module": "module.mssql_key_vault",
      "mode": "data",
      "type": "azurerm_key_vault_secret",
      "name": "admin_username",
      "provider": "provider[\"registry.terraform.io/hashicorp/azurerm\"]",
      "instances": [
        {
          "schema_version": 0,
          "attributes": {
            "content_type": "",
            "expiration_date": null,
            "id": "https://az-sc-qa-kv-tf-000.vault.azure.net/secrets/sql-kv-admin-user/fbda09146bb94334a53bb89a92f53741",
            "key_vault_id": "/subscriptions/d92c9bc4-d242-48e1-a224-9b9c93d46134/resourceGroups/az-sc-qa-rg-terraform-000/providers/Microsoft.KeyVault/vaults/az-sc-qa-kv-tf-000",
            "name": "sql-kv-admin-user",
            "not_before_date": null,
            "resource_id": "/subscriptions/d92c9bc4-d242-48e1-a224-9b9c93d46134/resourceGroups/az-sc-qa-rg-terraform-000/providers/Microsoft.KeyVault/vaults/az-sc-qa-kv-tf-000/secrets/sql-kv-admin-user/versions/fbda09146bb94334a53bb89a92f53741",
            "resource_versionless_id": "/subscriptions/d92c9bc4-d242-48e1-a224-9b9c93d46134/resourceGroups/az-sc-qa-rg-terraform-000/providers/Microsoft.KeyVault/vaults/az-sc-qa-kv-tf-000/secrets/sql-kv-admin-user",
            "tags": {},
            "timeouts": null,
            "value": "mari2_sql_user",
            "version": "fbda09146bb94334a53bb89a92f53741",
            "versionless_id": "https://az-sc-qa-kv-tf-000.vault.azure.net/secrets/sql-kv-admin-user"
          },
          "sensitive_attributes": []
        }
      ]
    },
    {
      "module": "module.mssql_private_endpoint",
      "mode": "managed",
      "type": "azurerm_private_endpoint",
      "name": "pe",
      "provider": "provider[\"registry.terraform.io/hashicorp/azurerm\"]",
      "instances": [
        {
          "schema_version": 0,
          "attributes": {
            "custom_dns_configs": [],
            "custom_network_interface_name": "",
            "id": "/subscriptions/d92c9bc4-d242-48e1-a224-9b9c93d46134/resourceGroups/az-sc-qa-rg-mari-001/providers/Microsoft.Network/privateEndpoints/az-sc-qa-pep-sql-mari-000",
            "ip_configuration": [],
            "location": "eastus2",
            "name": "az-sc-qa-pep-sql-mari-000",
            "network_interface": [
              {
                "id": "/subscriptions/d92c9bc4-d242-48e1-a224-9b9c93d46134/resourceGroups/az-sc-qa-rg-mari-001/providers/Microsoft.Network/networkInterfaces/az-sc-qa-pep-sql-mari-000.nic.6d40fc3d-3fb2-4c8c-bf53-3d41fab9a0a3",
                "name": "az-sc-qa-pep-sql-mari-000.nic.6d40fc3d-3fb2-4c8c-bf53-3d41fab9a0a3"
              }
            ],
            "private_dns_zone_configs": [
              {
                "id": "/subscriptions/d92c9bc4-d242-48e1-a224-9b9c93d46134/resourceGroups/az-sc-qa-rg-mari-001/providers/Microsoft.Network/privateEndpoints/az-sc-qa-pep-sql-mari-000/privateDnsZoneGroups/az-trv-hubdev-rg-networking-001/privateDnsZoneConfigs/privatelink.database.windows.net",
                "name": "privatelink.database.windows.net",
                "private_dns_zone_id": "/subscriptions/182e84ac-5f70-47e9-a016-6b2b91ce994d/resourceGroups/az-trv-hubdev-rg-networking-001/providers/Microsoft.Network/privateDnsZones/privatelink.database.windows.net",
                "record_sets": [
                  {
                    "fqdn": "az-sc-qa-sql-mari-000.privatelink.database.windows.net",
                    "ip_addresses": [
                      "172.26.40.228"
                    ],
                    "name": "az-sc-qa-sql-mari-000",
                    "ttl": 10,
                    "type": "A"
                  }
                ]
              }
            ],
            "private_dns_zone_group": [
              {
                "id": "/subscriptions/d92c9bc4-d242-48e1-a224-9b9c93d46134/resourceGroups/az-sc-qa-rg-mari-001/providers/Microsoft.Network/privateEndpoints/az-sc-qa-pep-sql-mari-000/privateDnsZoneGroups/az-trv-hubdev-rg-networking-001",
                "name": "az-trv-hubdev-rg-networking-001",
                "private_dns_zone_ids": [
                  "/subscriptions/182e84ac-5f70-47e9-a016-6b2b91ce994d/resourceGroups/az-trv-hubdev-rg-networking-001/providers/Microsoft.Network/privateDnsZones/privatelink.database.windows.net"
                ]
              }
            ],
            "private_service_connection": [
              {
                "is_manual_connection": false,
                "name": "az-sc-qa-psc-sql-mari-000",
                "private_connection_resource_alias": "",
                "private_connection_resource_id": "/subscriptions/d92c9bc4-d242-48e1-a224-9b9c93d46134/resourceGroups/az-sc-qa-rg-mari-001/providers/Microsoft.Sql/servers/az-sc-qa-sql-mari-000",
                "private_ip_address": "172.26.40.228",
                "request_message": "",
                "subresource_names": [
                  "sqlserver"
                ]
              }
            ],
            "resource_group_name": "az-sc-qa-rg-mari-001",
            "subnet_id": "/subscriptions/d92c9bc4-d242-48e1-a224-9b9c93d46134/resourceGroups/az-sc-dev-rg-networking-000/providers/Microsoft.Network/virtualNetworks/az-sc-qa-vnet-000/subnets/az-sc-qa-snet-db-002",
            "tags": null,
            "timeouts": null
          },
          "sensitive_attributes": [],
          "private": "eyJlMmJmYjczMC1lY2FhLTExZTYtOGY4OC0zNDM2M2JjN2M0YzAiOnsiY3JlYXRlIjozNjAwMDAwMDAwMDAwLCJkZWxldGUiOjM2MDAwMDAwMDAwMDAsInJlYWQiOjMwMDAwMDAwMDAwMCwidXBkYXRlIjozNjAwMDAwMDAwMDAwfX0=",
          "dependencies": [
            "module.azure_networking.data.azurerm_private_dns_zone.dns_db",
            "module.azure_networking.data.azurerm_subnet.sbnet_db",
            "module.mssql_server.azurerm_mssql_server.sqlserver",
            "module.resource_group.azurerm_resource_group.rg"
          ]
        }
      ]
    },
    {
      "module": "module.mssql_server",
      "mode": "managed",
      "type": "azurerm_mssql_server",
      "name": "sqlserver",
      "provider": "provider[\"registry.terraform.io/hashicorp/azurerm\"]",
      "instances": [
        {
          "schema_version": 0,
          "attributes": {
            "administrator_login": "mari2_sql_user",
            "administrator_login_password": "6T%4TCeX3%qK",
            "azuread_administrator": [],
            "connection_policy": "Default",
            "fully_qualified_domain_name": "az-sc-qa-sql-mari-000.database.windows.net",
            "id": "/subscriptions/d92c9bc4-d242-48e1-a224-9b9c93d46134/resourceGroups/az-sc-qa-rg-mari-001/providers/Microsoft.Sql/servers/az-sc-qa-sql-mari-000",
            "identity": [],
            "location": "eastus2",
            "minimum_tls_version": "1.2",
            "name": "az-sc-qa-sql-mari-000",
            "outbound_network_restriction_enabled": false,
            "primary_user_assigned_identity_id": "",
            "public_network_access_enabled": true,
            "resource_group_name": "az-sc-qa-rg-mari-001",
            "restorable_dropped_database_ids": [],
            "tags": {},
            "timeouts": null,
            "transparent_data_encryption_key_vault_key_id": "",
            "version": "12.0"
          },
          "sensitive_attributes": [
            [
              {
                "type": "get_attr",
                "value": "administrator_login_password"
              }
            ],
            [
              {
                "type": "get_attr",
                "value": "administrator_login"
              }
            ]
          ],
          "private": "eyJlMmJmYjczMC1lY2FhLTExZTYtOGY4OC0zNDM2M2JjN2M0YzAiOnsiY3JlYXRlIjozNjAwMDAwMDAwMDAwLCJkZWxldGUiOjM2MDAwMDAwMDAwMDAsInJlYWQiOjMwMDAwMDAwMDAwMCwidXBkYXRlIjozNjAwMDAwMDAwMDAwfX0=",
          "dependencies": [
            "module.mssql_key_vault.data.azurerm_key_vault.kv_terraform",
            "module.mssql_key_vault.data.azurerm_key_vault_secret.admin_password",
            "module.mssql_key_vault.data.azurerm_key_vault_secret.admin_username",
            "module.resource_group.azurerm_resource_group.rg"
          ]
        }
      ]
    },
    {
      "module": "module.mssql_virtual_network_rule",
      "mode": "managed",
      "type": "azurerm_mssql_virtual_network_rule",
      "name": "sqlserver_vnet_rule",
      "provider": "provider[\"registry.terraform.io/hashicorp/azurerm\"]",
      "instances": [
        {
          "schema_version": 0,
          "attributes": {
            "id": "/subscriptions/d92c9bc4-d242-48e1-a224-9b9c93d46134/resourceGroups/az-sc-qa-rg-mari-001/providers/Microsoft.Sql/servers/az-sc-qa-sql-mari-000/virtualNetworkRules/az-sc-qa-sql-rule-mari-000",
            "ignore_missing_vnet_service_endpoint": false,
            "name": "az-sc-qa-sql-rule-mari-000",
            "server_id": "/subscriptions/d92c9bc4-d242-48e1-a224-9b9c93d46134/resourceGroups/az-sc-qa-rg-mari-001/providers/Microsoft.Sql/servers/az-sc-qa-sql-mari-000",
            "subnet_id": "/subscriptions/d92c9bc4-d242-48e1-a224-9b9c93d46134/resourceGroups/az-sc-dev-rg-networking-000/providers/Microsoft.Network/virtualNetworks/az-sc-qa-vnet-000/subnets/az-sc-qa-snet-db-002",
            "timeouts": null
          },
          "sensitive_attributes": [],
          "private": "eyJlMmJmYjczMC1lY2FhLTExZTYtOGY4OC0zNDM2M2JjN2M0YzAiOnsiY3JlYXRlIjoxODAwMDAwMDAwMDAwLCJkZWxldGUiOjE4MDAwMDAwMDAwMDAsInJlYWQiOjMwMDAwMDAwMDAwMCwidXBkYXRlIjoxODAwMDAwMDAwMDAwfX0=",
          "dependencies": [
            "module.azure_networking.data.azurerm_subnet.sbnet_db",
            "module.mssql_server.azurerm_mssql_server.sqlserver"
          ]
        }
      ]
    },
    {
      "module": "module.openai_cognitive_account",
      "mode": "managed",
      "type": "azurerm_cognitive_account",
      "name": "ca",
      "provider": "provider[\"registry.terraform.io/hashicorp/azurerm\"]",
      "instances": [
        {
          "schema_version": 0,
          "attributes": {
            "custom_question_answering_search_service_id": null,
            "custom_question_answering_search_service_key": null,
            "custom_subdomain_name": "qa-oai-mari-000",
            "customer_managed_key": [],
            "dynamic_throttling_enabled": false,
            "endpoint": "https://qa-oai-mari-000.cognitiveservices.azure.com/",
            "fqdns": [],
            "id": "/subscriptions/d92c9bc4-d242-48e1-a224-9b9c93d46134/resourceGroups/az-sc-qa-rg-mari-001/providers/Microsoft.CognitiveServices/accounts/az-sc-qa-oai-mari-000",
            "identity": [],
            "kind": "FormRecognizer",
            "local_auth_enabled": true,
            "location": "eastus2",
            "metrics_advisor_aad_client_id": null,
            "metrics_advisor_aad_tenant_id": null,
            "metrics_advisor_super_user_name": null,
            "metrics_advisor_website_name": null,
            "name": "az-sc-qa-oai-mari-000",
            "network_acls": [],
            "outbound_network_access_restricted": false,
            "primary_access_key": "cd21dcc3458447b788efc7e0af396da1",
            "public_network_access_enabled": false,
            "qna_runtime_endpoint": null,
            "resource_group_name": "az-sc-qa-rg-mari-001",
            "secondary_access_key": "62b0565b72824c63ac7eca7d7ab86fbb",
            "sku_name": "S0",
            "storage": [],
            "tags": {},
            "timeouts": null
          },
          "sensitive_attributes": [],
          "private": "eyJlMmJmYjczMC1lY2FhLTExZTYtOGY4OC0zNDM2M2JjN2M0YzAiOnsiY3JlYXRlIjoxODAwMDAwMDAwMDAwLCJkZWxldGUiOjE4MDAwMDAwMDAwMDAsInJlYWQiOjMwMDAwMDAwMDAwMCwidXBkYXRlIjoxODAwMDAwMDAwMDAwfX0=",
          "dependencies": [
            "module.resource_group.azurerm_resource_group.rg"
          ]
        }
      ]
    },
    {
      "module": "module.openai_private_endpoint",
      "mode": "managed",
      "type": "azurerm_private_endpoint",
      "name": "pe",
      "provider": "provider[\"registry.terraform.io/hashicorp/azurerm\"]",
      "instances": [
        {
          "schema_version": 0,
          "attributes": {
            "custom_dns_configs": [
              {
                "fqdn": "qa-oai-mari-000.cognitiveservices.azure.com",
                "ip_addresses": [
                  "172.26.44.68"
                ]
              }
            ],
            "custom_network_interface_name": "",
            "id": "/subscriptions/d92c9bc4-d242-48e1-a224-9b9c93d46134/resourceGroups/az-sc-qa-rg-mari-001/providers/Microsoft.Network/privateEndpoints/az-sc-pep-qa-oai-mari-000",
            "ip_configuration": [],
            "location": "eastus2",
            "name": "az-sc-pep-qa-oai-mari-000",
            "network_interface": [
              {
                "id": "/subscriptions/d92c9bc4-d242-48e1-a224-9b9c93d46134/resourceGroups/az-sc-qa-rg-mari-001/providers/Microsoft.Network/networkInterfaces/az-sc-pep-qa-oai-mari-000.nic.a938d079-b200-421c-81e7-2c57bd99c581",
                "name": "az-sc-pep-qa-oai-mari-000.nic.a938d079-b200-421c-81e7-2c57bd99c581"
              }
            ],
            "private_dns_zone_configs": [
              {
                "id": "/subscriptions/d92c9bc4-d242-48e1-a224-9b9c93d46134/resourceGroups/az-sc-qa-rg-mari-001/providers/Microsoft.Network/privateEndpoints/az-sc-pep-qa-oai-mari-000/privateDnsZoneGroups/az-trv-hubdev-rg-networking-001/privateDnsZoneConfigs/privatelink.openai.azure.com",
                "name": "privatelink.openai.azure.com",
                "private_dns_zone_id": "/subscriptions/182e84ac-5f70-47e9-a016-6b2b91ce994d/resourceGroups/az-trv-hubdev-rg-networking-001/providers/Microsoft.Network/privateDnsZones/privatelink.openai.azure.com",
                "record_sets": []
              }
            ],
            "private_dns_zone_group": [
              {
                "id": "/subscriptions/d92c9bc4-d242-48e1-a224-9b9c93d46134/resourceGroups/az-sc-qa-rg-mari-001/providers/Microsoft.Network/privateEndpoints/az-sc-pep-qa-oai-mari-000/privateDnsZoneGroups/az-trv-hubdev-rg-networking-001",
                "name": "az-trv-hubdev-rg-networking-001",
                "private_dns_zone_ids": [
                  "/subscriptions/182e84ac-5f70-47e9-a016-6b2b91ce994d/resourceGroups/az-trv-hubdev-rg-networking-001/providers/Microsoft.Network/privateDnsZones/privatelink.openai.azure.com"
                ]
              }
            ],
            "private_service_connection": [
              {
                "is_manual_connection": false,
                "name": "az-sc-qa-psc-di-mari-000",
                "private_connection_resource_alias": "",
                "private_connection_resource_id": "/subscriptions/d92c9bc4-d242-48e1-a224-9b9c93d46134/resourceGroups/az-sc-qa-rg-mari-001/providers/Microsoft.CognitiveServices/accounts/az-sc-qa-oai-mari-000",
                "private_ip_address": "172.26.44.68",
                "request_message": "",
                "subresource_names": [
                  "account"
                ]
              }
            ],
            "resource_group_name": "az-sc-qa-rg-mari-001",
            "subnet_id": "/subscriptions/d92c9bc4-d242-48e1-a224-9b9c93d46134/resourceGroups/az-sc-dev-rg-networking-000/providers/Microsoft.Network/virtualNetworks/az-sc-qa-vnet-000/subnets/az-sc-qa-snet-ai-000",
            "tags": {},
            "timeouts": null
          },
          "sensitive_attributes": [],
          "private": "eyJlMmJmYjczMC1lY2FhLTExZTYtOGY4OC0zNDM2M2JjN2M0YzAiOnsiY3JlYXRlIjozNjAwMDAwMDAwMDAwLCJkZWxldGUiOjM2MDAwMDAwMDAwMDAsInJlYWQiOjMwMDAwMDAwMDAwMCwidXBkYXRlIjozNjAwMDAwMDAwMDAwfX0=",
          "dependencies": [
            "module.azure_networking.data.azurerm_private_dns_zone.dns_oai",
            "module.azure_networking.data.azurerm_resource_group.rg_networking",
            "module.azure_networking.data.azurerm_subnet.sbnet_ai",
            "module.azure_networking.data.azurerm_virtual_network.vnet",
            "module.openai_cognitive_account.azurerm_cognitive_account.ca",
            "module.resource_group.azurerm_resource_group.rg"
          ]
        }
      ]
    },
    {
      "module": "module.private_endpoint_linux_node_001",
      "mode": "managed",
      "type": "azurerm_private_endpoint",
      "name": "pe",
      "provider": "provider[\"registry.terraform.io/hashicorp/azurerm\"]",
      "instances": [
        {
          "schema_version": 0,
          "attributes": {
            "custom_dns_configs": [],
            "custom_network_interface_name": "",
            "id": "/subscriptions/d92c9bc4-d242-48e1-a224-9b9c93d46134/resourceGroups/az-sc-qa-rg-mari-001/providers/Microsoft.Network/privateEndpoints/az-sc-qa-pep-wapp-mari-001",
            "ip_configuration": [],
            "location": "eastus2",
            "name": "az-sc-qa-pep-wapp-mari-001",
            "network_interface": [
              {
                "id": "/subscriptions/d92c9bc4-d242-48e1-a224-9b9c93d46134/resourceGroups/az-sc-qa-rg-mari-001/providers/Microsoft.Network/networkInterfaces/az-sc-qa-pep-wapp-mari-001.nic.43f2e25b-9d13-4b7a-b1cb-09c536ac5eb4",
                "name": "az-sc-qa-pep-wapp-mari-001.nic.43f2e25b-9d13-4b7a-b1cb-09c536ac5eb4"
              }
            ],
            "private_dns_zone_configs": [
              {
                "id": "/subscriptions/d92c9bc4-d242-48e1-a224-9b9c93d46134/resourceGroups/az-sc-qa-rg-mari-001/providers/Microsoft.Network/privateEndpoints/az-sc-qa-pep-wapp-mari-001/privateDnsZoneGroups/az-trv-hubdev-rg-networking-001/privateDnsZoneConfigs/privatelink.azurewebsites.net",
                "name": "privatelink.azurewebsites.net",
                "private_dns_zone_id": "/subscriptions/182e84ac-5f70-47e9-a016-6b2b91ce994d/resourceGroups/az-trv-hubdev-rg-networking-001/providers/Microsoft.Network/privateDnsZones/privatelink.azurewebsites.net",
                "record_sets": [
                  {
                    "fqdn": "az-sc-qa-wapp-mari-001.privatelink.azurewebsites.net",
                    "ip_addresses": [
                      "172.26.44.101"
                    ],
                    "name": "az-sc-qa-wapp-mari-001",
                    "ttl": 10,
                    "type": "A"
                  },
                  {
                    "fqdn": "az-sc-qa-wapp-mari-001.scm.privatelink.azurewebsites.net",
                    "ip_addresses": [
                      "172.26.44.101"
                    ],
                    "name": "az-sc-qa-wapp-mari-001.scm",
                    "ttl": 10,
                    "type": "A"
                  }
                ]
              }
            ],
            "private_dns_zone_group": [
              {
                "id": "/subscriptions/d92c9bc4-d242-48e1-a224-9b9c93d46134/resourceGroups/az-sc-qa-rg-mari-001/providers/Microsoft.Network/privateEndpoints/az-sc-qa-pep-wapp-mari-001/privateDnsZoneGroups/az-trv-hubdev-rg-networking-001",
                "name": "az-trv-hubdev-rg-networking-001",
                "private_dns_zone_ids": [
                  "/subscriptions/182e84ac-5f70-47e9-a016-6b2b91ce994d/resourceGroups/az-trv-hubdev-rg-networking-001/providers/Microsoft.Network/privateDnsZones/privatelink.azurewebsites.net"
                ]
              }
            ],
            "private_service_connection": [
              {
                "is_manual_connection": false,
                "name": "az-sc-qa-psc-wapp-mari-001",
                "private_connection_resource_alias": "",
                "private_connection_resource_id": "/subscriptions/d92c9bc4-d242-48e1-a224-9b9c93d46134/resourceGroups/az-sc-qa-rg-mari-001/providers/Microsoft.Web/sites/az-sc-qa-wapp-mari-001",
                "private_ip_address": "172.26.44.101",
                "request_message": "",
                "subresource_names": [
                  "sites"
                ]
              }
            ],
            "resource_group_name": "az-sc-qa-rg-mari-001",
            "subnet_id": "/subscriptions/d92c9bc4-d242-48e1-a224-9b9c93d46134/resourceGroups/az-sc-dev-rg-networking-000/providers/Microsoft.Network/virtualNetworks/az-sc-qa-vnet-000/subnets/az-sc-qa-snet-wapp-000",
            "tags": {},
            "timeouts": null
          },
          "sensitive_attributes": [],
          "private": "eyJlMmJmYjczMC1lY2FhLTExZTYtOGY4OC0zNDM2M2JjN2M0YzAiOnsiY3JlYXRlIjozNjAwMDAwMDAwMDAwLCJkZWxldGUiOjM2MDAwMDAwMDAwMDAsInJlYWQiOjMwMDAwMDAwMDAwMCwidXBkYXRlIjozNjAwMDAwMDAwMDAwfX0=",
          "dependencies": [
            "module.azure_networking.data.azurerm_private_dns_zone.dns_wapp",
            "module.azure_networking.data.azurerm_resource_group.rg_networking",
            "module.azure_networking.data.azurerm_subnet.sbnet_wapp",
            "module.azure_networking.data.azurerm_virtual_network.vnet",
            "module.resource_group.azurerm_resource_group.rg",
            "module.service_plan.azurerm_service_plan.asp",
            "module.web_app_linux_node_001.azurerm_linux_web_app.wapp_lnx"
          ]
        }
      ]
    },
    {
      "module": "module.private_endpoint_linux_python_000",
      "mode": "managed",
      "type": "azurerm_private_endpoint",
      "name": "pe",
      "provider": "provider[\"registry.terraform.io/hashicorp/azurerm\"]",
      "instances": [
        {
          "schema_version": 0,
          "attributes": {
            "custom_dns_configs": [],
            "custom_network_interface_name": "",
            "id": "/subscriptions/d92c9bc4-d242-48e1-a224-9b9c93d46134/resourceGroups/az-sc-qa-rg-mari-001/providers/Microsoft.Network/privateEndpoints/az-sc-qa-pep-wapp-mari-000",
            "ip_configuration": [],
            "location": "eastus2",
            "name": "az-sc-qa-pep-wapp-mari-000",
            "network_interface": [
              {
                "id": "/subscriptions/d92c9bc4-d242-48e1-a224-9b9c93d46134/resourceGroups/az-sc-qa-rg-mari-001/providers/Microsoft.Network/networkInterfaces/az-sc-qa-pep-wapp-mari-000.nic.2e9cfadb-f635-4417-a150-8680dbce5e85",
                "name": "az-sc-qa-pep-wapp-mari-000.nic.2e9cfadb-f635-4417-a150-8680dbce5e85"
              }
            ],
            "private_dns_zone_configs": [
              {
                "id": "/subscriptions/d92c9bc4-d242-48e1-a224-9b9c93d46134/resourceGroups/az-sc-qa-rg-mari-001/providers/Microsoft.Network/privateEndpoints/az-sc-qa-pep-wapp-mari-000/privateDnsZoneGroups/az-trv-hubdev-rg-networking-001/privateDnsZoneConfigs/privatelink.azurewebsites.net",
                "name": "privatelink.azurewebsites.net",
                "private_dns_zone_id": "/subscriptions/182e84ac-5f70-47e9-a016-6b2b91ce994d/resourceGroups/az-trv-hubdev-rg-networking-001/providers/Microsoft.Network/privateDnsZones/privatelink.azurewebsites.net",
                "record_sets": [
                  {
                    "fqdn": "az-sc-qa-wapp-mari-000.privatelink.azurewebsites.net",
                    "ip_addresses": [
                      "172.26.44.100"
                    ],
                    "name": "az-sc-qa-wapp-mari-000",
                    "ttl": 10,
                    "type": "A"
                  },
                  {
                    "fqdn": "az-sc-qa-wapp-mari-000.scm.privatelink.azurewebsites.net",
                    "ip_addresses": [
                      "172.26.44.100"
                    ],
                    "name": "az-sc-qa-wapp-mari-000.scm",
                    "ttl": 10,
                    "type": "A"
                  }
                ]
              }
            ],
            "private_dns_zone_group": [
              {
                "id": "/subscriptions/d92c9bc4-d242-48e1-a224-9b9c93d46134/resourceGroups/az-sc-qa-rg-mari-001/providers/Microsoft.Network/privateEndpoints/az-sc-qa-pep-wapp-mari-000/privateDnsZoneGroups/az-trv-hubdev-rg-networking-001",
                "name": "az-trv-hubdev-rg-networking-001",
                "private_dns_zone_ids": [
                  "/subscriptions/182e84ac-5f70-47e9-a016-6b2b91ce994d/resourceGroups/az-trv-hubdev-rg-networking-001/providers/Microsoft.Network/privateDnsZones/privatelink.azurewebsites.net"
                ]
              }
            ],
            "private_service_connection": [
              {
                "is_manual_connection": false,
                "name": "az-sc-qa-psc-wapp-mari-000",
                "private_connection_resource_alias": "",
                "private_connection_resource_id": "/subscriptions/d92c9bc4-d242-48e1-a224-9b9c93d46134/resourceGroups/az-sc-qa-rg-mari-001/providers/Microsoft.Web/sites/az-sc-qa-wapp-mari-000",
                "private_ip_address": "172.26.44.100",
                "request_message": "",
                "subresource_names": [
                  "sites"
                ]
              }
            ],
            "resource_group_name": "az-sc-qa-rg-mari-001",
            "subnet_id": "/subscriptions/d92c9bc4-d242-48e1-a224-9b9c93d46134/resourceGroups/az-sc-dev-rg-networking-000/providers/Microsoft.Network/virtualNetworks/az-sc-qa-vnet-000/subnets/az-sc-qa-snet-wapp-000",
            "tags": {},
            "timeouts": null
          },
          "sensitive_attributes": [],
          "private": "eyJlMmJmYjczMC1lY2FhLTExZTYtOGY4OC0zNDM2M2JjN2M0YzAiOnsiY3JlYXRlIjozNjAwMDAwMDAwMDAwLCJkZWxldGUiOjM2MDAwMDAwMDAwMDAsInJlYWQiOjMwMDAwMDAwMDAwMCwidXBkYXRlIjozNjAwMDAwMDAwMDAwfX0=",
          "dependencies": [
            "module.azure_networking.data.azurerm_private_dns_zone.dns_wapp",
            "module.azure_networking.data.azurerm_resource_group.rg_networking",
            "module.azure_networking.data.azurerm_subnet.sbnet_wapp",
            "module.azure_networking.data.azurerm_virtual_network.vnet",
            "module.resource_group.azurerm_resource_group.rg",
            "module.service_plan.azurerm_service_plan.asp",
            "module.web_app_linux_python_000.azurerm_linux_web_app.wapp_lnx"
          ]
        }
      ]
    },
    {
      "module": "module.private_endpoint_stac",
      "mode": "managed",
      "type": "azurerm_private_endpoint",
      "name": "pe",
      "provider": "provider[\"registry.terraform.io/hashicorp/azurerm\"]",
      "instances": [
        {
          "schema_version": 0,
          "attributes": {
            "custom_dns_configs": [],
            "custom_network_interface_name": "",
            "id": "/subscriptions/d92c9bc4-d242-48e1-a224-9b9c93d46134/resourceGroups/az-sc-qa-rg-mari-001/providers/Microsoft.Network/privateEndpoints/az-sc-qa-pep-stac-mari-000",
            "ip_configuration": [],
            "location": "eastus2",
            "name": "az-sc-qa-pep-stac-mari-000",
            "network_interface": [
              {
                "id": "/subscriptions/d92c9bc4-d242-48e1-a224-9b9c93d46134/resourceGroups/az-sc-qa-rg-mari-001/providers/Microsoft.Network/networkInterfaces/az-sc-qa-pep-stac-mari-000.nic.e548f9ae-444e-4d15-94b3-0ae6d94d2658",
                "name": "az-sc-qa-pep-stac-mari-000.nic.e548f9ae-444e-4d15-94b3-0ae6d94d2658"
              }
            ],
            "private_dns_zone_configs": [
              {
                "id": "/subscriptions/d92c9bc4-d242-48e1-a224-9b9c93d46134/resourceGroups/az-sc-qa-rg-mari-001/providers/Microsoft.Network/privateEndpoints/az-sc-qa-pep-stac-mari-000/privateDnsZoneGroups/az-trv-hubdev-rg-networking-001/privateDnsZoneConfigs/privatelink.blob.core.windows.net",
                "name": "privatelink.blob.core.windows.net",
                "private_dns_zone_id": "/subscriptions/182e84ac-5f70-47e9-a016-6b2b91ce994d/resourceGroups/az-trv-hubdev-rg-networking-001/providers/Microsoft.Network/privateDnsZones/privatelink.blob.core.windows.net",
                "record_sets": [
                  {
                    "fqdn": "azscqastacmari001.privatelink.blob.core.windows.net",
                    "ip_addresses": [
                      "172.26.40.69"
                    ],
                    "name": "azscqastacmari001",
                    "ttl": 10,
                    "type": "A"
                  }
                ]
              }
            ],
            "private_dns_zone_group": [
              {
                "id": "/subscriptions/d92c9bc4-d242-48e1-a224-9b9c93d46134/resourceGroups/az-sc-qa-rg-mari-001/providers/Microsoft.Network/privateEndpoints/az-sc-qa-pep-stac-mari-000/privateDnsZoneGroups/az-trv-hubdev-rg-networking-001",
                "name": "az-trv-hubdev-rg-networking-001",
                "private_dns_zone_ids": [
                  "/subscriptions/182e84ac-5f70-47e9-a016-6b2b91ce994d/resourceGroups/az-trv-hubdev-rg-networking-001/providers/Microsoft.Network/privateDnsZones/privatelink.blob.core.windows.net"
                ]
              }
            ],
            "private_service_connection": [
              {
                "is_manual_connection": false,
                "name": "az-sc-qa-psc-stac-mari-000",
                "private_connection_resource_alias": "",
                "private_connection_resource_id": "/subscriptions/d92c9bc4-d242-48e1-a224-9b9c93d46134/resourceGroups/az-sc-qa-rg-mari-001/providers/Microsoft.Storage/storageAccounts/azscqastacmari001",
                "private_ip_address": "172.26.40.69",
                "request_message": "",
                "subresource_names": [
                  "blob"
                ]
              }
            ],
            "resource_group_name": "az-sc-qa-rg-mari-001",
            "subnet_id": "/subscriptions/d92c9bc4-d242-48e1-a224-9b9c93d46134/resourceGroups/az-sc-dev-rg-networking-000/providers/Microsoft.Network/virtualNetworks/az-sc-qa-vnet-000/subnets/az-sc-qa-snet-stac-000",
            "tags": {},
            "timeouts": null
          },
          "sensitive_attributes": [],
          "private": "eyJlMmJmYjczMC1lY2FhLTExZTYtOGY4OC0zNDM2M2JjN2M0YzAiOnsiY3JlYXRlIjozNjAwMDAwMDAwMDAwLCJkZWxldGUiOjM2MDAwMDAwMDAwMDAsInJlYWQiOjMwMDAwMDAwMDAwMCwidXBkYXRlIjozNjAwMDAwMDAwMDAwfX0=",
          "dependencies": [
            "module.azure_networking.data.azurerm_private_dns_zone.dns_stac_blob",
            "module.azure_networking.data.azurerm_resource_group.rg_networking",
            "module.azure_networking.data.azurerm_subnet.sbnet_stac",
            "module.azure_networking.data.azurerm_virtual_network.vnet",
            "module.azure_stac.azurerm_storage_account.stac",
            "module.resource_group.azurerm_resource_group.rg"
          ]
        }
      ]
    },
    {
      "module": "module.resource_group",
      "mode": "managed",
      "type": "azurerm_resource_group",
      "name": "rg",
      "provider": "provider[\"registry.terraform.io/hashicorp/azurerm\"]",
      "instances": [
        {
          "schema_version": 0,
          "attributes": {
            "id": "/subscriptions/d92c9bc4-d242-48e1-a224-9b9c93d46134/resourceGroups/az-sc-qa-rg-mari-001",
            "location": "eastus2",
            "managed_by": "",
            "name": "az-sc-qa-rg-mari-001",
            "tags": {
              "environment": "qa"
            },
            "timeouts": null
          },
          "sensitive_attributes": [],
          "private": "eyJlMmJmYjczMC1lY2FhLTExZTYtOGY4OC0zNDM2M2JjN2M0YzAiOnsiY3JlYXRlIjo1NDAwMDAwMDAwMDAwLCJkZWxldGUiOjU0MDAwMDAwMDAwMDAsInJlYWQiOjMwMDAwMDAwMDAwMCwidXBkYXRlIjo1NDAwMDAwMDAwMDAwfX0="
        }
      ]
    },
    {
      "module": "module.service_plan",
      "mode": "managed",
      "type": "azurerm_service_plan",
      "name": "asp",
      "provider": "provider[\"registry.terraform.io/hashicorp/azurerm\"]",
      "instances": [
        {
          "schema_version": 1,
          "attributes": {
            "app_service_environment_id": "",
            "id": "/subscriptions/d92c9bc4-d242-48e1-a224-9b9c93d46134/resourceGroups/az-sc-qa-rg-mari-001/providers/Microsoft.Web/serverFarms/az-sc-qa-asp-mari-000",
            "kind": "linux",
            "location": "eastus2",
            "maximum_elastic_worker_count": 1,
            "name": "az-sc-qa-asp-mari-000",
            "os_type": "Linux",
            "per_site_scaling_enabled": false,
            "reserved": true,
            "resource_group_name": "az-sc-qa-rg-mari-001",
            "sku_name": "B1",
            "tags": {},
            "timeouts": null,
            "worker_count": 1,
            "zone_balancing_enabled": false
          },
          "sensitive_attributes": [],
          "private": "eyJlMmJmYjczMC1lY2FhLTExZTYtOGY4OC0zNDM2M2JjN2M0YzAiOnsiY3JlYXRlIjozNjAwMDAwMDAwMDAwLCJkZWxldGUiOjM2MDAwMDAwMDAwMDAsInJlYWQiOjMwMDAwMDAwMDAwMCwidXBkYXRlIjozNjAwMDAwMDAwMDAwfSwic2NoZW1hX3ZlcnNpb24iOiIxIn0=",
          "dependencies": [
            "module.resource_group.azurerm_resource_group.rg"
          ]
        }
      ]
    },
    {
      "module": "module.srch_private_endpoint",
      "mode": "managed",
      "type": "azurerm_private_endpoint",
      "name": "pe",
      "provider": "provider[\"registry.terraform.io/hashicorp/azurerm\"]",
      "instances": [
        {
          "schema_version": 0,
          "attributes": {
            "custom_dns_configs": [],
            "custom_network_interface_name": "",
            "id": "/subscriptions/d92c9bc4-d242-48e1-a224-9b9c93d46134/resourceGroups/az-sc-qa-rg-mari-001/providers/Microsoft.Network/privateEndpoints/az-sc-pep-qa-srch-mari-000",
            "ip_configuration": [],
            "location": "eastus2",
            "name": "az-sc-pep-qa-srch-mari-000",
            "network_interface": [
              {
                "id": "/subscriptions/d92c9bc4-d242-48e1-a224-9b9c93d46134/resourceGroups/az-sc-qa-rg-mari-001/providers/Microsoft.Network/networkInterfaces/az-sc-pep-qa-srch-mari-000.nic.c8bb0b9f-49f2-4b71-b65a-da5c2df49f81",
                "name": "az-sc-pep-qa-srch-mari-000.nic.c8bb0b9f-49f2-4b71-b65a-da5c2df49f81"
              }
            ],
            "private_dns_zone_configs": [
              {
                "id": "/subscriptions/d92c9bc4-d242-48e1-a224-9b9c93d46134/resourceGroups/az-sc-qa-rg-mari-001/providers/Microsoft.Network/privateEndpoints/az-sc-pep-qa-srch-mari-000/privateDnsZoneGroups/az-trv-hubdev-rg-networking-001/privateDnsZoneConfigs/privatelink.search.windows.net",
                "name": "privatelink.search.windows.net",
                "private_dns_zone_id": "/subscriptions/182e84ac-5f70-47e9-a016-6b2b91ce994d/resourceGroups/az-trv-hubdev-rg-networking-001/providers/Microsoft.Network/privateDnsZones/privatelink.search.windows.net",
                "record_sets": [
                  {
                    "fqdn": "az-sc-qa-srch-mari-000.privatelink.search.windows.net",
                    "ip_addresses": [
                      "172.26.44.70"
                    ],
                    "name": "az-sc-qa-srch-mari-000",
                    "ttl": 10,
                    "type": "A"
                  }
                ]
              }
            ],
            "private_dns_zone_group": [
              {
                "id": "/subscriptions/d92c9bc4-d242-48e1-a224-9b9c93d46134/resourceGroups/az-sc-qa-rg-mari-001/providers/Microsoft.Network/privateEndpoints/az-sc-pep-qa-srch-mari-000/privateDnsZoneGroups/az-trv-hubdev-rg-networking-001",
                "name": "az-trv-hubdev-rg-networking-001",
                "private_dns_zone_ids": [
                  "/subscriptions/182e84ac-5f70-47e9-a016-6b2b91ce994d/resourceGroups/az-trv-hubdev-rg-networking-001/providers/Microsoft.Network/privateDnsZones/privatelink.search.windows.net"
                ]
              }
            ],
            "private_service_connection": [
              {
                "is_manual_connection": false,
                "name": "az-sc-qa-psc-srch-mari-000",
                "private_connection_resource_alias": "",
                "private_connection_resource_id": "/subscriptions/d92c9bc4-d242-48e1-a224-9b9c93d46134/resourceGroups/az-sc-qa-rg-mari-001/providers/Microsoft.Search/searchServices/az-sc-qa-srch-mari-000",
                "private_ip_address": "172.26.44.70",
                "request_message": "",
                "subresource_names": [
                  "searchservice"
                ]
              }
            ],
            "resource_group_name": "az-sc-qa-rg-mari-001",
            "subnet_id": "/subscriptions/d92c9bc4-d242-48e1-a224-9b9c93d46134/resourceGroups/az-sc-dev-rg-networking-000/providers/Microsoft.Network/virtualNetworks/az-sc-qa-vnet-000/subnets/az-sc-qa-snet-ai-000",
            "tags": {},
            "timeouts": null
          },
          "sensitive_attributes": [],
          "private": "eyJlMmJmYjczMC1lY2FhLTExZTYtOGY4OC0zNDM2M2JjN2M0YzAiOnsiY3JlYXRlIjozNjAwMDAwMDAwMDAwLCJkZWxldGUiOjM2MDAwMDAwMDAwMDAsInJlYWQiOjMwMDAwMDAwMDAwMCwidXBkYXRlIjozNjAwMDAwMDAwMDAwfX0=",
          "dependencies": [
            "module.azure_networking.data.azurerm_private_dns_zone.dns_srch",
            "module.azure_networking.data.azurerm_resource_group.rg_networking",
            "module.azure_networking.data.azurerm_subnet.sbnet_ai",
            "module.azure_networking.data.azurerm_virtual_network.vnet",
            "module.resource_group.azurerm_resource_group.rg",
            "module.srch_search_service.azurerm_search_service.search"
          ]
        }
      ]
    },
    {
      "module": "module.srch_search_service",
      "mode": "managed",
      "type": "azurerm_search_service",
      "name": "search",
      "provider": "provider[\"registry.terraform.io/hashicorp/azurerm\"]",
      "instances": [
        {
          "schema_version": 0,
          "attributes": {
            "allowed_ips": [],
            "authentication_failure_mode": "",
            "customer_managed_key_enforcement_enabled": false,
            "hosting_mode": "default",
            "id": "/subscriptions/d92c9bc4-d242-48e1-a224-9b9c93d46134/resourceGroups/az-sc-qa-rg-mari-001/providers/Microsoft.Search/searchServices/az-sc-qa-srch-mari-000",
            "identity": [],
            "local_authentication_enabled": true,
            "location": "eastus2",
            "name": "az-sc-qa-srch-mari-000",
            "partition_count": 1,
            "primary_key": "q0CQJhvUHNIs4CVff2BcsM6MJzonYIcZgzrqaJV3kwAzSeBURMaW",
            "public_network_access_enabled": false,
            "query_keys": [
              {
                "key": "HAXqeaQlREMV7rWHWReSLED8WwaX7m3cxKmjHsqUwHAzSeCXpyOA",
                "name": ""
              }
            ],
            "replica_count": 1,
            "resource_group_name": "az-sc-qa-rg-mari-001",
            "secondary_key": "s6noNeFPg21pJ0qGEiRnmIxr0vw0IdYTHCe5za5kCWAzSeAMSZbO",
            "semantic_search_sku": "",
            "sku": "basic",
            "tags": {},
            "timeouts": null
          },
          "sensitive_attributes": [],
          "private": "eyJlMmJmYjczMC1lY2FhLTExZTYtOGY4OC0zNDM2M2JjN2M0YzAiOnsiY3JlYXRlIjozNjAwMDAwMDAwMDAwLCJkZWxldGUiOjM2MDAwMDAwMDAwMDAsInJlYWQiOjMwMDAwMDAwMDAwMCwidXBkYXRlIjozNjAwMDAwMDAwMDAwfX0=",
          "dependencies": [
            "module.resource_group.azurerm_resource_group.rg"
          ]
        }
      ]
    },
    {
      "module": "module.stac_network_rules",
      "mode": "managed",
      "type": "azurerm_storage_account_network_rules",
      "name": "stnetrules",
      "provider": "provider[\"registry.terraform.io/hashicorp/azurerm\"]",
      "instances": [
        {
          "schema_version": 0,
          "attributes": {
            "bypass": [
              "AzureServices"
            ],
            "default_action": "Deny",
            "id": "/subscriptions/d92c9bc4-d242-48e1-a224-9b9c93d46134/resourceGroups/az-sc-qa-rg-mari-001/providers/Microsoft.Storage/storageAccounts/azscqastacmari001",
            "ip_rules": [],
            "private_link_access": [],
            "storage_account_id": "/subscriptions/d92c9bc4-d242-48e1-a224-9b9c93d46134/resourceGroups/az-sc-qa-rg-mari-001/providers/Microsoft.Storage/storageAccounts/azscqastacmari001",
            "timeouts": null,
            "virtual_network_subnet_ids": [
              "/subscriptions/d92c9bc4-d242-48e1-a224-9b9c93d46134/resourceGroups/az-sc-dev-rg-networking-000/providers/Microsoft.Network/virtualNetworks/az-sc-qa-vnet-000/subnets/az-sc-qa-snet-stac-000"
            ]
          },
          "sensitive_attributes": [],
          "private": "eyJlMmJmYjczMC1lY2FhLTExZTYtOGY4OC0zNDM2M2JjN2M0YzAiOnsiY3JlYXRlIjozNjAwMDAwMDAwMDAwLCJkZWxldGUiOjM2MDAwMDAwMDAwMDAsInJlYWQiOjMwMDAwMDAwMDAwMCwidXBkYXRlIjozNjAwMDAwMDAwMDAwfX0=",
          "dependencies": [
            "module.azure_networking.data.azurerm_resource_group.rg_networking",
            "module.azure_networking.data.azurerm_subnet.sbnet_stac",
            "module.azure_networking.data.azurerm_virtual_network.vnet",
            "module.azure_stac.azurerm_storage_account.stac",
            "module.resource_group.azurerm_resource_group.rg"
          ]
        }
      ]
    },
    {
      "module": "module.web_app_linux_node_001",
      "mode": "managed",
      "type": "azurerm_linux_web_app",
      "name": "wapp_lnx",
      "provider": "provider[\"registry.terraform.io/hashicorp/azurerm\"]",
      "instances": [
        {
          "schema_version": 1,
          "attributes": {
            "app_settings": {},
            "auth_settings": [],
            "auth_settings_v2": [],
            "backup": [],
            "client_affinity_enabled": false,
            "client_certificate_enabled": false,
            "client_certificate_exclusion_paths": "",
            "client_certificate_mode": "Required",
            "connection_string": [],
            "custom_domain_verification_id": "CA98F0C0D8A44131FB34EA05E69B06FAE47C9AE2F691322B42CF88C0BD275CAC",
            "default_hostname": "az-sc-qa-wapp-mari-001.azurewebsites.net",
            "enabled": true,
            "ftp_publish_basic_authentication_enabled": true,
            "hosting_environment_id": "",
            "https_only": true,
            "id": "/subscriptions/d92c9bc4-d242-48e1-a224-9b9c93d46134/resourceGroups/az-sc-qa-rg-mari-001/providers/Microsoft.Web/sites/az-sc-qa-wapp-mari-001",
            "identity": [],
            "key_vault_reference_identity_id": "SystemAssigned",
            "kind": "app,linux",
            "location": "eastus2",
            "logs": [],
            "name": "az-sc-qa-wapp-mari-001",
            "outbound_ip_address_list": [
              "4.152.31.222",
              "4.152.30.82",
              "4.152.31.99",
              "4.152.31.191",
              "20.96.136.50",
              "20.96.136.71",
              "4.152.25.111",
              "4.152.25.181",
              "4.152.25.214",
              "4.152.26.13",
              "4.152.26.78",
              "4.152.26.114",
              "20.119.144.19"
            ],
            "outbound_ip_addresses": "4.152.31.222,4.152.30.82,4.152.31.99,4.152.31.191,20.96.136.50,20.96.136.71,4.152.25.111,4.152.25.181,4.152.25.214,4.152.26.13,4.152.26.78,4.152.26.114,20.119.144.19",
            "possible_outbound_ip_address_list": [
              "4.152.31.222",
              "4.152.30.82",
              "4.152.31.99",
              "4.152.31.191",
              "20.96.136.50",
              "20.96.136.71",
              "4.152.25.111",
              "4.152.25.181",
              "4.152.25.214",
              "4.152.26.13",
              "4.152.26.78",
              "4.152.26.114",
              "4.152.26.230",
              "4.152.27.10",
              "4.152.27.113",
              "4.152.27.120",
              "4.152.27.248",
              "4.152.27.251",
              "4.152.28.235",
              "4.152.30.29",
              "4.152.30.74",
              "4.152.31.11",
              "4.152.31.92",
              "4.152.31.182",
              "4.152.31.222",
              "4.152.30.82",
              "4.152.31.99",
              "4.152.31.191",
              "20.96.136.50",
              "20.96.136.71",
              "20.96.136.113",
              "20.96.136.152",
              "20.96.136.176",
              "20.96.136.200",
              "20.96.136.227",
              "20.96.136.237",
              "20.119.144.19"
            ],
            "possible_outbound_ip_addresses": "4.152.31.222,4.152.30.82,4.152.31.99,4.152.31.191,20.96.136.50,20.96.136.71,4.152.25.111,4.152.25.181,4.152.25.214,4.152.26.13,4.152.26.78,4.152.26.114,4.152.26.230,4.152.27.10,4.152.27.113,4.152.27.120,4.152.27.248,4.152.27.251,4.152.28.235,4.152.30.29,4.152.30.74,4.152.31.11,4.152.31.92,4.152.31.182,4.152.31.222,4.152.30.82,4.152.31.99,4.152.31.191,20.96.136.50,20.96.136.71,20.96.136.113,20.96.136.152,20.96.136.176,20.96.136.200,20.96.136.227,20.96.136.237,20.119.144.19",
            "public_network_access_enabled": false,
            "resource_group_name": "az-sc-qa-rg-mari-001",
            "service_plan_id": "/subscriptions/d92c9bc4-d242-48e1-a224-9b9c93d46134/resourceGroups/az-sc-qa-rg-mari-001/providers/Microsoft.Web/serverFarms/az-sc-qa-asp-mari-000",
            "site_config": [
              {
                "always_on": true,
                "api_definition_url": "",
                "api_management_api_id": "",
                "app_command_line": "",
                "application_stack": [
                  {
                    "docker_image": "",
                    "docker_image_name": "",
                    "docker_image_tag": "",
                    "docker_registry_password": "",
                    "docker_registry_url": "",
                    "docker_registry_username": "",
                    "dotnet_version": "",
                    "go_version": "",
                    "java_server": "",
                    "java_server_version": "",
                    "java_version": "",
                    "node_version": "20-lts",
                    "php_version": "",
                    "python_version": "",
                    "ruby_version": ""
                  }
                ],
                "auto_heal_enabled": false,
                "auto_heal_setting": [],
                "container_registry_managed_identity_client_id": "",
                "container_registry_use_managed_identity": false,
                "cors": [],
                "default_documents": [
                  "Default.htm",
                  "Default.html",
                  "Default.asp",
                  "index.htm",
                  "index.html",
                  "iisstart.htm",
                  "default.aspx",
                  "index.php",
                  "hostingstart.html"
                ],
                "detailed_error_logging_enabled": false,
                "ftps_state": "Disabled",
                "health_check_eviction_time_in_min": 0,
                "health_check_path": "",
                "http2_enabled": false,
                "ip_restriction": [],
                "ip_restriction_default_action": "Allow",
                "linux_fx_version": "NODE|20-lts",
                "load_balancing_mode": "LeastRequests",
                "local_mysql_enabled": false,
                "managed_pipeline_mode": "Integrated",
                "minimum_tls_version": "1.2",
                "remote_debugging_enabled": false,
                "remote_debugging_version": "VS2022",
                "scm_ip_restriction": [],
                "scm_ip_restriction_default_action": "Allow",
                "scm_minimum_tls_version": "1.2",
                "scm_type": "None",
                "scm_use_main_ip_restriction": false,
                "use_32_bit_worker": true,
                "vnet_route_all_enabled": false,
                "websockets_enabled": false,
                "worker_count": 1
              }
            ],
            "site_credential": [
              {
                "name": "$az-sc-qa-wapp-mari-001",
                "password": "9uCyqXYYwjGwf2pads3xjEcpSZqe1R0omP9s90pSpYpnJ6dAbYW6eh5NoHLo"
              }
            ],
            "sticky_settings": [],
            "storage_account": [],
            "tags": {},
            "timeouts": null,
            "virtual_network_subnet_id": "",
            "webdeploy_publish_basic_authentication_enabled": true,
            "zip_deploy_file": ""
          },
          "sensitive_attributes": [],
          "private": "eyJlMmJmYjczMC1lY2FhLTExZTYtOGY4OC0zNDM2M2JjN2M0YzAiOnsiY3JlYXRlIjoxODAwMDAwMDAwMDAwLCJkZWxldGUiOjE4MDAwMDAwMDAwMDAsInJlYWQiOjMwMDAwMDAwMDAwMCwidXBkYXRlIjoxODAwMDAwMDAwMDAwfSwic2NoZW1hX3ZlcnNpb24iOiIxIn0=",
          "dependencies": [
            "module.resource_group.azurerm_resource_group.rg",
            "module.service_plan.azurerm_service_plan.asp"
          ]
        }
      ]
    },
    {
      "module": "module.web_app_linux_python_000",
      "mode": "managed",
      "type": "azurerm_linux_web_app",
      "name": "wapp_lnx",
      "provider": "provider[\"registry.terraform.io/hashicorp/azurerm\"]",
      "instances": [
        {
          "schema_version": 1,
          "attributes": {
            "app_settings": {},
            "auth_settings": [],
            "auth_settings_v2": [],
            "backup": [],
            "client_affinity_enabled": false,
            "client_certificate_enabled": false,
            "client_certificate_exclusion_paths": "",
            "client_certificate_mode": "Required",
            "connection_string": [],
            "custom_domain_verification_id": "CA98F0C0D8A44131FB34EA05E69B06FAE47C9AE2F691322B42CF88C0BD275CAC",
            "default_hostname": "az-sc-qa-wapp-mari-000.azurewebsites.net",
            "enabled": true,
            "ftp_publish_basic_authentication_enabled": true,
            "hosting_environment_id": "",
            "https_only": false,
            "id": "/subscriptions/d92c9bc4-d242-48e1-a224-9b9c93d46134/resourceGroups/az-sc-qa-rg-mari-001/providers/Microsoft.Web/sites/az-sc-qa-wapp-mari-000",
            "identity": [],
            "key_vault_reference_identity_id": "SystemAssigned",
            "kind": "app,linux",
            "location": "eastus2",
            "logs": [],
            "name": "az-sc-qa-wapp-mari-000",
            "outbound_ip_address_list": [
              "4.152.31.222",
              "4.152.30.82",
              "4.152.31.99",
              "4.152.31.191",
              "20.96.136.50",
              "20.96.136.71",
              "4.152.25.111",
              "4.152.25.181",
              "4.152.25.214",
              "4.152.26.13",
              "4.152.26.78",
              "4.152.26.114",
              "20.119.144.19"
            ],
            "outbound_ip_addresses": "4.152.31.222,4.152.30.82,4.152.31.99,4.152.31.191,20.96.136.50,20.96.136.71,4.152.25.111,4.152.25.181,4.152.25.214,4.152.26.13,4.152.26.78,4.152.26.114,20.119.144.19",
            "possible_outbound_ip_address_list": [
              "4.152.31.222",
              "4.152.30.82",
              "4.152.31.99",
              "4.152.31.191",
              "20.96.136.50",
              "20.96.136.71",
              "4.152.25.111",
              "4.152.25.181",
              "4.152.25.214",
              "4.152.26.13",
              "4.152.26.78",
              "4.152.26.114",
              "4.152.26.230",
              "4.152.27.10",
              "4.152.27.113",
              "4.152.27.120",
              "4.152.27.248",
              "4.152.27.251",
              "4.152.28.235",
              "4.152.30.29",
              "4.152.30.74",
              "4.152.31.11",
              "4.152.31.92",
              "4.152.31.182",
              "4.152.31.222",
              "4.152.30.82",
              "4.152.31.99",
              "4.152.31.191",
              "20.96.136.50",
              "20.96.136.71",
              "20.96.136.113",
              "20.96.136.152",
              "20.96.136.176",
              "20.96.136.200",
              "20.96.136.227",
              "20.96.136.237",
              "20.119.144.19"
            ],
            "possible_outbound_ip_addresses": "4.152.31.222,4.152.30.82,4.152.31.99,4.152.31.191,20.96.136.50,20.96.136.71,4.152.25.111,4.152.25.181,4.152.25.214,4.152.26.13,4.152.26.78,4.152.26.114,4.152.26.230,4.152.27.10,4.152.27.113,4.152.27.120,4.152.27.248,4.152.27.251,4.152.28.235,4.152.30.29,4.152.30.74,4.152.31.11,4.152.31.92,4.152.31.182,4.152.31.222,4.152.30.82,4.152.31.99,4.152.31.191,20.96.136.50,20.96.136.71,20.96.136.113,20.96.136.152,20.96.136.176,20.96.136.200,20.96.136.227,20.96.136.237,20.119.144.19",
            "public_network_access_enabled": false,
            "resource_group_name": "az-sc-qa-rg-mari-001",
            "service_plan_id": "/subscriptions/d92c9bc4-d242-48e1-a224-9b9c93d46134/resourceGroups/az-sc-qa-rg-mari-001/providers/Microsoft.Web/serverFarms/az-sc-qa-asp-mari-000",
            "site_config": [
              {
                "always_on": true,
                "api_definition_url": "",
                "api_management_api_id": "",
                "app_command_line": "",
                "application_stack": [
                  {
                    "docker_image": "",
                    "docker_image_name": "",
                    "docker_image_tag": "",
                    "docker_registry_password": "",
                    "docker_registry_url": "",
                    "docker_registry_username": "",
                    "dotnet_version": "",
                    "go_version": "",
                    "java_server": "",
                    "java_server_version": "",
                    "java_version": "",
                    "node_version": "",
                    "php_version": "",
                    "python_version": "3.8",
                    "ruby_version": ""
                  }
                ],
                "auto_heal_enabled": false,
                "auto_heal_setting": [],
                "container_registry_managed_identity_client_id": "",
                "container_registry_use_managed_identity": false,
                "cors": [],
                "default_documents": [
                  "Default.htm",
                  "Default.html",
                  "Default.asp",
                  "index.htm",
                  "index.html",
                  "iisstart.htm",
                  "default.aspx",
                  "index.php",
                  "hostingstart.html"
                ],
                "detailed_error_logging_enabled": false,
                "ftps_state": "Disabled",
                "health_check_eviction_time_in_min": 0,
                "health_check_path": "",
                "http2_enabled": false,
                "ip_restriction": [],
                "ip_restriction_default_action": "Allow",
                "linux_fx_version": "PYTHON|3.8",
                "load_balancing_mode": "LeastRequests",
                "local_mysql_enabled": false,
                "managed_pipeline_mode": "Integrated",
                "minimum_tls_version": "1.2",
                "remote_debugging_enabled": false,
                "remote_debugging_version": "VS2022",
                "scm_ip_restriction": [],
                "scm_ip_restriction_default_action": "Allow",
                "scm_minimum_tls_version": "1.2",
                "scm_type": "None",
                "scm_use_main_ip_restriction": false,
                "use_32_bit_worker": true,
                "vnet_route_all_enabled": false,
                "websockets_enabled": false,
                "worker_count": 1
              }
            ],
            "site_credential": [
              {
                "name": "$az-sc-qa-wapp-mari-000",
                "password": "BvKntY0cjQ52lQeHMc7PYzKW1NbXaaZQu6XvflSxYe0WiBvocxqsxz7rihxg"
              }
            ],
            "sticky_settings": [],
            "storage_account": [],
            "tags": {},
            "timeouts": null,
            "virtual_network_subnet_id": "",
            "webdeploy_publish_basic_authentication_enabled": true,
            "zip_deploy_file": ""
          },
          "sensitive_attributes": [],
          "private": "eyJlMmJmYjczMC1lY2FhLTExZTYtOGY4OC0zNDM2M2JjN2M0YzAiOnsiY3JlYXRlIjoxODAwMDAwMDAwMDAwLCJkZWxldGUiOjE4MDAwMDAwMDAwMDAsInJlYWQiOjMwMDAwMDAwMDAwMCwidXBkYXRlIjoxODAwMDAwMDAwMDAwfSwic2NoZW1hX3ZlcnNpb24iOiIxIn0=",
          "dependencies": [
            "module.resource_group.azurerm_resource_group.rg",
            "module.service_plan.azurerm_service_plan.asp"
          ]
        }
      ]
    }
  ],
  "check_results": null
}
